// !$*UTF8*$!
{
	archiveVersion = 1;
	classes = {
	};
	objectVersion = 55;
	objects = {

/* Begin PBXBuildFile section */
		4D7AF4FAE660F8DF3C648C5D /* Pods_SocialAppTests.framework in Frameworks */ = {isa = PBXBuildFile; fileRef = 890E5ECD90CBC1B3DCC4CB83 /* Pods_SocialAppTests.framework */; };
		C5B8EEFE5F514903C9A237D1 /* Pods_Yay_SocialAppUITests.framework in Frameworks */ = {isa = PBXBuildFile; fileRef = 6197E3CED389DF8238014FD0 /* Pods_Yay_SocialAppUITests.framework */; };
		D1D39347442EEB8558D0FC29 /* Pods_Yay.framework in Frameworks */ = {isa = PBXBuildFile; fileRef = EE04452980F8AD67763880FB /* Pods_Yay.framework */; };
		F587CB182991F17C002F6BA8 /* UserApiService.swift in Sources */ = {isa = PBXBuildFile; fileRef = F587CB172991F17C002F6BA8 /* UserApiService.swift */; };
		F587CB1B2991F489002F6BA8 /* User.swift in Sources */ = {isa = PBXBuildFile; fileRef = F587CB1A2991F489002F6BA8 /* User.swift */; };
		F587CB1D2991F4A6002F6BA8 /* Post.swift in Sources */ = {isa = PBXBuildFile; fileRef = F587CB1C2991F4A6002F6BA8 /* Post.swift */; };
		F587CB1F2991F68C002F6BA8 /* MessageHandler.swift in Sources */ = {isa = PBXBuildFile; fileRef = F587CB1E2991F68C002F6BA8 /* MessageHandler.swift */; };
		F587CB212992052C002F6BA8 /* PostApiService.swift in Sources */ = {isa = PBXBuildFile; fileRef = F587CB202992052C002F6BA8 /* PostApiService.swift */; };
		F587CB23299214AD002F6BA8 /* String+Extension.swift in Sources */ = {isa = PBXBuildFile; fileRef = F587CB22299214AD002F6BA8 /* String+Extension.swift */; };
		F587CB2629928E38002F6BA8 /* loading.gif in Resources */ = {isa = PBXBuildFile; fileRef = F587CB2529928E38002F6BA8 /* loading.gif */; };
		F587CB282992D6C9002F6BA8 /* SignUpViewModel.swift in Sources */ = {isa = PBXBuildFile; fileRef = F587CB272992D6C9002F6BA8 /* SignUpViewModel.swift */; };
		F587CB2A2992D8EF002F6BA8 /* LoginViewModel.swift in Sources */ = {isa = PBXBuildFile; fileRef = F587CB292992D8EF002F6BA8 /* LoginViewModel.swift */; };
		F587CB2C2992D996002F6BA8 /* PostViewModel.swift in Sources */ = {isa = PBXBuildFile; fileRef = F587CB2B2992D996002F6BA8 /* PostViewModel.swift */; };
		F587CB2E2992E090002F6BA8 /* AddPostViewModel.swift in Sources */ = {isa = PBXBuildFile; fileRef = F587CB2D2992E090002F6BA8 /* AddPostViewModel.swift */; };
		F587CB302992E867002F6BA8 /* PostOptionsViewModel.swift in Sources */ = {isa = PBXBuildFile; fileRef = F587CB2F2992E867002F6BA8 /* PostOptionsViewModel.swift */; };
		F587CB342992EB04002F6BA8 /* AccountViewModel.swift in Sources */ = {isa = PBXBuildFile; fileRef = F587CB332992EB04002F6BA8 /* AccountViewModel.swift */; };
		F587CB3829933853002F6BA8 /* HeaderCellViewModel.swift in Sources */ = {isa = PBXBuildFile; fileRef = F587CB3729933852002F6BA8 /* HeaderCellViewModel.swift */; };
		F587CB3A29933AFA002F6BA8 /* Observable.swift in Sources */ = {isa = PBXBuildFile; fileRef = F587CB3929933AFA002F6BA8 /* Observable.swift */; };
		F587CB3C29933CA6002F6BA8 /* UserCellViewModel.swift in Sources */ = {isa = PBXBuildFile; fileRef = F587CB3B29933CA6002F6BA8 /* UserCellViewModel.swift */; };
		F587CB3E29933EBA002F6BA8 /* PostCellViewModel.swift in Sources */ = {isa = PBXBuildFile; fileRef = F587CB3D29933EBA002F6BA8 /* PostCellViewModel.swift */; };
		F587CB4029934526002F6BA8 /* FeedViewModel.swift in Sources */ = {isa = PBXBuildFile; fileRef = F587CB3F29934526002F6BA8 /* FeedViewModel.swift */; };
		F587CB4329934AE2002F6BA8 /* AuthenticationTests.swift in Sources */ = {isa = PBXBuildFile; fileRef = F587CB4229934AE1002F6BA8 /* AuthenticationTests.swift */; };
		F587CB47299375F7002F6BA8 /* ViewModelTests.swift in Sources */ = {isa = PBXBuildFile; fileRef = F587CB46299375F7002F6BA8 /* ViewModelTests.swift */; };
		F587CB492993863B002F6BA8 /* FeedTests.swift in Sources */ = {isa = PBXBuildFile; fileRef = F587CB482993863B002F6BA8 /* FeedTests.swift */; };
		F59A7152298E05C60095FC9D /* UITextField+Extension.swift in Sources */ = {isa = PBXBuildFile; fileRef = F59A7151298E05C60095FC9D /* UITextField+Extension.swift */; };
		F59A7156298E05F60095FC9D /* LoginView.swift in Sources */ = {isa = PBXBuildFile; fileRef = F59A7154298E05F60095FC9D /* LoginView.swift */; };
		F59A7157298E05F60095FC9D /* LoginView.xib in Resources */ = {isa = PBXBuildFile; fileRef = F59A7155298E05F60095FC9D /* LoginView.xib */; };
		F5A9F872298CA61000EA6AF5 /* AppDelegate.swift in Sources */ = {isa = PBXBuildFile; fileRef = F5A9F871298CA61000EA6AF5 /* AppDelegate.swift */; };
		F5A9F874298CA61000EA6AF5 /* SceneDelegate.swift in Sources */ = {isa = PBXBuildFile; fileRef = F5A9F873298CA61000EA6AF5 /* SceneDelegate.swift */; };
		F5A9F876298CA61000EA6AF5 /* ViewController.swift in Sources */ = {isa = PBXBuildFile; fileRef = F5A9F875298CA61000EA6AF5 /* ViewController.swift */; };
		F5A9F879298CA61000EA6AF5 /* Main.storyboard in Resources */ = {isa = PBXBuildFile; fileRef = F5A9F877298CA61000EA6AF5 /* Main.storyboard */; };
		F5A9F87B298CA61400EA6AF5 /* Assets.xcassets in Resources */ = {isa = PBXBuildFile; fileRef = F5A9F87A298CA61400EA6AF5 /* Assets.xcassets */; };
		F5A9F87E298CA61400EA6AF5 /* LaunchScreen.storyboard in Resources */ = {isa = PBXBuildFile; fileRef = F5A9F87C298CA61400EA6AF5 /* LaunchScreen.storyboard */; };
		F5A9F889298CA61400EA6AF5 /* SocialAppTests.swift in Sources */ = {isa = PBXBuildFile; fileRef = F5A9F888298CA61400EA6AF5 /* SocialAppTests.swift */; };
		F5A9F893298CA61400EA6AF5 /* SocialAppUITests.swift in Sources */ = {isa = PBXBuildFile; fileRef = F5A9F892298CA61400EA6AF5 /* SocialAppUITests.swift */; };
		F5D26E32298E08750024DBDF /* SignUpView.swift in Sources */ = {isa = PBXBuildFile; fileRef = F5D26E30298E08750024DBDF /* SignUpView.swift */; };
		F5D26E33298E08750024DBDF /* SignUpView.xib in Resources */ = {isa = PBXBuildFile; fileRef = F5D26E31298E08750024DBDF /* SignUpView.xib */; };
		F5D26E45298E0B680024DBDF /* FeedView.swift in Sources */ = {isa = PBXBuildFile; fileRef = F5D26E37298E0B670024DBDF /* FeedView.swift */; };
		F5D26E47298E0B680024DBDF /* UserCell.xib in Resources */ = {isa = PBXBuildFile; fileRef = F5D26E39298E0B670024DBDF /* UserCell.xib */; };
		F5D26E4A298E0B680024DBDF /* HeaderCell.swift in Sources */ = {isa = PBXBuildFile; fileRef = F5D26E3C298E0B670024DBDF /* HeaderCell.swift */; };
		F5D26E4B298E0B680024DBDF /* HeaderCell.xib in Resources */ = {isa = PBXBuildFile; fileRef = F5D26E3D298E0B670024DBDF /* HeaderCell.xib */; };
		F5D26E4E298E0B680024DBDF /* PostCell.xib in Resources */ = {isa = PBXBuildFile; fileRef = F5D26E40298E0B680024DBDF /* PostCell.xib */; };
		F5D26E4F298E0B680024DBDF /* PostCell.swift in Sources */ = {isa = PBXBuildFile; fileRef = F5D26E41298E0B680024DBDF /* PostCell.swift */; };
		F5D26E50298E0B680024DBDF /* FeedView.xib in Resources */ = {isa = PBXBuildFile; fileRef = F5D26E42298E0B680024DBDF /* FeedView.xib */; };
		F5D26E52298E0B680024DBDF /* UserCell.swift in Sources */ = {isa = PBXBuildFile; fileRef = F5D26E44298E0B680024DBDF /* UserCell.swift */; };
		F5D26E54298E0BE90024DBDF /* UIImageView+Extension.swift in Sources */ = {isa = PBXBuildFile; fileRef = F5D26E53298E0BE90024DBDF /* UIImageView+Extension.swift */; };
		F5D26E56298E0D270024DBDF /* AppColor.swift in Sources */ = {isa = PBXBuildFile; fileRef = F5D26E55298E0D270024DBDF /* AppColor.swift */; };
		F5D26E5A298E10FD0024DBDF /* PostView.swift in Sources */ = {isa = PBXBuildFile; fileRef = F5D26E58298E10FD0024DBDF /* PostView.swift */; };
		F5D26E5B298E10FD0024DBDF /* PostView.xib in Resources */ = {isa = PBXBuildFile; fileRef = F5D26E59298E10FD0024DBDF /* PostView.xib */; };
		F5D26E5D298E119A0024DBDF /* NavController.swift in Sources */ = {isa = PBXBuildFile; fileRef = F5D26E5C298E119A0024DBDF /* NavController.swift */; };
		F5D26E60298E17CF0024DBDF /* AddPostView.xib in Resources */ = {isa = PBXBuildFile; fileRef = F5D26E5E298E17CF0024DBDF /* AddPostView.xib */; };
		F5D26E61298E17CF0024DBDF /* AddPostView.swift in Sources */ = {isa = PBXBuildFile; fileRef = F5D26E5F298E17CF0024DBDF /* AddPostView.swift */; };
		F5D26E64298E2CEB0024DBDF /* PostOptionsView.swift in Sources */ = {isa = PBXBuildFile; fileRef = F5D26E62298E2CEB0024DBDF /* PostOptionsView.swift */; };
		F5D26E65298E2CEB0024DBDF /* PostOptionsView.xib in Resources */ = {isa = PBXBuildFile; fileRef = F5D26E63298E2CEB0024DBDF /* PostOptionsView.xib */; };
		F5D26E69298E5D190024DBDF /* AccountView.xib in Resources */ = {isa = PBXBuildFile; fileRef = F5D26E67298E5D190024DBDF /* AccountView.xib */; };
		F5D26E6A298E5D190024DBDF /* AccountView.swift in Sources */ = {isa = PBXBuildFile; fileRef = F5D26E68298E5D190024DBDF /* AccountView.swift */; };
		F5D26E6C298E82640024DBDF /* GoogleService-Info.plist in Resources */ = {isa = PBXBuildFile; fileRef = F5D26E6B298E82630024DBDF /* GoogleService-Info.plist */; };
		F5D26E6D298E82640024DBDF /* GoogleService-Info.plist in Resources */ = {isa = PBXBuildFile; fileRef = F5D26E6B298E82630024DBDF /* GoogleService-Info.plist */; };
		F5D26E6E298E82640024DBDF /* GoogleService-Info.plist in Resources */ = {isa = PBXBuildFile; fileRef = F5D26E6B298E82630024DBDF /* GoogleService-Info.plist */; };
		F5D26E71298F6D7B0024DBDF /* CameraHandler.swift in Sources */ = {isa = PBXBuildFile; fileRef = F5D26E70298F6D7B0024DBDF /* CameraHandler.swift */; };
/* End PBXBuildFile section */

/* Begin PBXContainerItemProxy section */
		F5A9F885298CA61400EA6AF5 /* PBXContainerItemProxy */ = {
			isa = PBXContainerItemProxy;
			containerPortal = F5A9F866298CA61000EA6AF5 /* Project object */;
			proxyType = 1;
			remoteGlobalIDString = F5A9F86D298CA61000EA6AF5;
			remoteInfo = SocialApp;
		};
		F5A9F88F298CA61400EA6AF5 /* PBXContainerItemProxy */ = {
			isa = PBXContainerItemProxy;
			containerPortal = F5A9F866298CA61000EA6AF5 /* Project object */;
			proxyType = 1;
			remoteGlobalIDString = F5A9F86D298CA61000EA6AF5;
			remoteInfo = SocialApp;
		};
/* End PBXContainerItemProxy section */

/* Begin PBXFileReference section */
		0A72DB5669AB531F2D184572 /* Pods-SocialApp-SocialAppUITests.debug.xcconfig */ = {isa = PBXFileReference; includeInIndex = 1; lastKnownFileType = text.xcconfig; name = "Pods-SocialApp-SocialAppUITests.debug.xcconfig"; path = "Target Support Files/Pods-SocialApp-SocialAppUITests/Pods-SocialApp-SocialAppUITests.debug.xcconfig"; sourceTree = "<group>"; };
		1326FD1FE3397D3362C0EE26 /* Pods-SocialApp-SocialAppUITests.release.xcconfig */ = {isa = PBXFileReference; includeInIndex = 1; lastKnownFileType = text.xcconfig; name = "Pods-SocialApp-SocialAppUITests.release.xcconfig"; path = "Target Support Files/Pods-SocialApp-SocialAppUITests/Pods-SocialApp-SocialAppUITests.release.xcconfig"; sourceTree = "<group>"; };
		3FDEC1DEA468B8BDDA255DB9 /* Pods-SocialAppTests.debug.xcconfig */ = {isa = PBXFileReference; includeInIndex = 1; lastKnownFileType = text.xcconfig; name = "Pods-SocialAppTests.debug.xcconfig"; path = "Target Support Files/Pods-SocialAppTests/Pods-SocialAppTests.debug.xcconfig"; sourceTree = "<group>"; };
		52E93EED12DE9E26C8488085 /* Pods-Yay!.release.xcconfig */ = {isa = PBXFileReference; includeInIndex = 1; lastKnownFileType = text.xcconfig; name = "Pods-Yay!.release.xcconfig"; path = "Target Support Files/Pods-Yay!/Pods-Yay!.release.xcconfig"; sourceTree = "<group>"; };
		544DF49BDD9A4985A5673B12 /* Pods-Yay.debug.xcconfig */ = {isa = PBXFileReference; includeInIndex = 1; lastKnownFileType = text.xcconfig; name = "Pods-Yay.debug.xcconfig"; path = "Target Support Files/Pods-Yay/Pods-Yay.debug.xcconfig"; sourceTree = "<group>"; };
		5B76BDEFEE64D85C66EECADE /* Pods-Yay.release.xcconfig */ = {isa = PBXFileReference; includeInIndex = 1; lastKnownFileType = text.xcconfig; name = "Pods-Yay.release.xcconfig"; path = "Target Support Files/Pods-Yay/Pods-Yay.release.xcconfig"; sourceTree = "<group>"; };
		6197E3CED389DF8238014FD0 /* Pods_Yay_SocialAppUITests.framework */ = {isa = PBXFileReference; explicitFileType = wrapper.framework; includeInIndex = 0; path = Pods_Yay_SocialAppUITests.framework; sourceTree = BUILT_PRODUCTS_DIR; };
		647C11D22F1D78F82F1C2FCE /* Pods-SocialApp.release.xcconfig */ = {isa = PBXFileReference; includeInIndex = 1; lastKnownFileType = text.xcconfig; name = "Pods-SocialApp.release.xcconfig"; path = "Target Support Files/Pods-SocialApp/Pods-SocialApp.release.xcconfig"; sourceTree = "<group>"; };
		890E5ECD90CBC1B3DCC4CB83 /* Pods_SocialAppTests.framework */ = {isa = PBXFileReference; explicitFileType = wrapper.framework; includeInIndex = 0; path = Pods_SocialAppTests.framework; sourceTree = BUILT_PRODUCTS_DIR; };
		8AE7A3EC33BEA5786B42BFC2 /* Pods-SocialAppTests.release.xcconfig */ = {isa = PBXFileReference; includeInIndex = 1; lastKnownFileType = text.xcconfig; name = "Pods-SocialAppTests.release.xcconfig"; path = "Target Support Files/Pods-SocialAppTests/Pods-SocialAppTests.release.xcconfig"; sourceTree = "<group>"; };
		ACAE3BB9D62D25EB471F2093 /* Pods-Yay!.debug.xcconfig */ = {isa = PBXFileReference; includeInIndex = 1; lastKnownFileType = text.xcconfig; name = "Pods-Yay!.debug.xcconfig"; path = "Target Support Files/Pods-Yay!/Pods-Yay!.debug.xcconfig"; sourceTree = "<group>"; };
		CE09C69F4C6B0B2D2E438622 /* Pods-SocialApp.debug.xcconfig */ = {isa = PBXFileReference; includeInIndex = 1; lastKnownFileType = text.xcconfig; name = "Pods-SocialApp.debug.xcconfig"; path = "Target Support Files/Pods-SocialApp/Pods-SocialApp.debug.xcconfig"; sourceTree = "<group>"; };
		D74FD538BE706952CA28402C /* Pods-Yay-SocialAppUITests.release.xcconfig */ = {isa = PBXFileReference; includeInIndex = 1; lastKnownFileType = text.xcconfig; name = "Pods-Yay-SocialAppUITests.release.xcconfig"; path = "Target Support Files/Pods-Yay-SocialAppUITests/Pods-Yay-SocialAppUITests.release.xcconfig"; sourceTree = "<group>"; };
		DADD6BDF78CB5FBD7EC410F0 /* Pods-Yay-SocialAppUITests.debug.xcconfig */ = {isa = PBXFileReference; includeInIndex = 1; lastKnownFileType = text.xcconfig; name = "Pods-Yay-SocialAppUITests.debug.xcconfig"; path = "Target Support Files/Pods-Yay-SocialAppUITests/Pods-Yay-SocialAppUITests.debug.xcconfig"; sourceTree = "<group>"; };
		EC373740EB1EFA7497F6C583 /* Pods-Yay!-SocialAppUITests.debug.xcconfig */ = {isa = PBXFileReference; includeInIndex = 1; lastKnownFileType = text.xcconfig; name = "Pods-Yay!-SocialAppUITests.debug.xcconfig"; path = "Target Support Files/Pods-Yay!-SocialAppUITests/Pods-Yay!-SocialAppUITests.debug.xcconfig"; sourceTree = "<group>"; };
		EE04452980F8AD67763880FB /* Pods_Yay.framework */ = {isa = PBXFileReference; explicitFileType = wrapper.framework; includeInIndex = 0; path = Pods_Yay.framework; sourceTree = BUILT_PRODUCTS_DIR; };
		F587CB172991F17C002F6BA8 /* UserApiService.swift */ = {isa = PBXFileReference; lastKnownFileType = sourcecode.swift; path = UserApiService.swift; sourceTree = "<group>"; };
		F587CB1A2991F489002F6BA8 /* User.swift */ = {isa = PBXFileReference; lastKnownFileType = sourcecode.swift; path = User.swift; sourceTree = "<group>"; };
		F587CB1C2991F4A6002F6BA8 /* Post.swift */ = {isa = PBXFileReference; lastKnownFileType = sourcecode.swift; path = Post.swift; sourceTree = "<group>"; };
		F587CB1E2991F68C002F6BA8 /* MessageHandler.swift */ = {isa = PBXFileReference; lastKnownFileType = sourcecode.swift; path = MessageHandler.swift; sourceTree = "<group>"; };
		F587CB202992052C002F6BA8 /* PostApiService.swift */ = {isa = PBXFileReference; lastKnownFileType = sourcecode.swift; path = PostApiService.swift; sourceTree = "<group>"; };
		F587CB22299214AD002F6BA8 /* String+Extension.swift */ = {isa = PBXFileReference; lastKnownFileType = sourcecode.swift; path = "String+Extension.swift"; sourceTree = "<group>"; };
		F587CB2529928E38002F6BA8 /* loading.gif */ = {isa = PBXFileReference; lastKnownFileType = image.gif; path = loading.gif; sourceTree = "<group>"; };
		F587CB272992D6C9002F6BA8 /* SignUpViewModel.swift */ = {isa = PBXFileReference; lastKnownFileType = sourcecode.swift; path = SignUpViewModel.swift; sourceTree = "<group>"; };
		F587CB292992D8EF002F6BA8 /* LoginViewModel.swift */ = {isa = PBXFileReference; lastKnownFileType = sourcecode.swift; path = LoginViewModel.swift; sourceTree = "<group>"; };
		F587CB2B2992D996002F6BA8 /* PostViewModel.swift */ = {isa = PBXFileReference; lastKnownFileType = sourcecode.swift; path = PostViewModel.swift; sourceTree = "<group>"; };
		F587CB2D2992E090002F6BA8 /* AddPostViewModel.swift */ = {isa = PBXFileReference; lastKnownFileType = sourcecode.swift; path = AddPostViewModel.swift; sourceTree = "<group>"; };
		F587CB2F2992E867002F6BA8 /* PostOptionsViewModel.swift */ = {isa = PBXFileReference; lastKnownFileType = sourcecode.swift; path = PostOptionsViewModel.swift; sourceTree = "<group>"; };
		F587CB332992EB04002F6BA8 /* AccountViewModel.swift */ = {isa = PBXFileReference; lastKnownFileType = sourcecode.swift; path = AccountViewModel.swift; sourceTree = "<group>"; };
		F587CB3729933852002F6BA8 /* HeaderCellViewModel.swift */ = {isa = PBXFileReference; lastKnownFileType = sourcecode.swift; path = HeaderCellViewModel.swift; sourceTree = "<group>"; };
		F587CB3929933AFA002F6BA8 /* Observable.swift */ = {isa = PBXFileReference; lastKnownFileType = sourcecode.swift; path = Observable.swift; sourceTree = "<group>"; };
		F587CB3B29933CA6002F6BA8 /* UserCellViewModel.swift */ = {isa = PBXFileReference; lastKnownFileType = sourcecode.swift; path = UserCellViewModel.swift; sourceTree = "<group>"; };
		F587CB3D29933EBA002F6BA8 /* PostCellViewModel.swift */ = {isa = PBXFileReference; lastKnownFileType = sourcecode.swift; path = PostCellViewModel.swift; sourceTree = "<group>"; };
		F587CB3F29934526002F6BA8 /* FeedViewModel.swift */ = {isa = PBXFileReference; lastKnownFileType = sourcecode.swift; path = FeedViewModel.swift; sourceTree = "<group>"; };
		F587CB4229934AE1002F6BA8 /* AuthenticationTests.swift */ = {isa = PBXFileReference; lastKnownFileType = sourcecode.swift; path = AuthenticationTests.swift; sourceTree = "<group>"; };
		F587CB46299375F7002F6BA8 /* ViewModelTests.swift */ = {isa = PBXFileReference; lastKnownFileType = sourcecode.swift; path = ViewModelTests.swift; sourceTree = "<group>"; };
		F587CB482993863B002F6BA8 /* FeedTests.swift */ = {isa = PBXFileReference; lastKnownFileType = sourcecode.swift; path = FeedTests.swift; sourceTree = "<group>"; };
		F59A7151298E05C60095FC9D /* UITextField+Extension.swift */ = {isa = PBXFileReference; fileEncoding = 4; lastKnownFileType = sourcecode.swift; path = "UITextField+Extension.swift"; sourceTree = "<group>"; };
		F59A7154298E05F60095FC9D /* LoginView.swift */ = {isa = PBXFileReference; fileEncoding = 4; lastKnownFileType = sourcecode.swift; path = LoginView.swift; sourceTree = "<group>"; };
		F59A7155298E05F60095FC9D /* LoginView.xib */ = {isa = PBXFileReference; fileEncoding = 4; lastKnownFileType = file.xib; path = LoginView.xib; sourceTree = "<group>"; };
		F5A9F86E298CA61000EA6AF5 /* Yay.app */ = {isa = PBXFileReference; explicitFileType = wrapper.application; includeInIndex = 0; path = Yay.app; sourceTree = BUILT_PRODUCTS_DIR; };
		F5A9F871298CA61000EA6AF5 /* AppDelegate.swift */ = {isa = PBXFileReference; lastKnownFileType = sourcecode.swift; path = AppDelegate.swift; sourceTree = "<group>"; };
		F5A9F873298CA61000EA6AF5 /* SceneDelegate.swift */ = {isa = PBXFileReference; lastKnownFileType = sourcecode.swift; path = SceneDelegate.swift; sourceTree = "<group>"; };
		F5A9F875298CA61000EA6AF5 /* ViewController.swift */ = {isa = PBXFileReference; lastKnownFileType = sourcecode.swift; path = ViewController.swift; sourceTree = "<group>"; };
		F5A9F878298CA61000EA6AF5 /* Base */ = {isa = PBXFileReference; lastKnownFileType = file.storyboard; name = Base; path = Base.lproj/Main.storyboard; sourceTree = "<group>"; };
		F5A9F87A298CA61400EA6AF5 /* Assets.xcassets */ = {isa = PBXFileReference; lastKnownFileType = folder.assetcatalog; path = Assets.xcassets; sourceTree = "<group>"; };
		F5A9F87D298CA61400EA6AF5 /* Base */ = {isa = PBXFileReference; lastKnownFileType = file.storyboard; name = Base; path = Base.lproj/LaunchScreen.storyboard; sourceTree = "<group>"; };
		F5A9F87F298CA61400EA6AF5 /* Info.plist */ = {isa = PBXFileReference; lastKnownFileType = text.plist.xml; path = Info.plist; sourceTree = "<group>"; };
		F5A9F884298CA61400EA6AF5 /* SocialAppTests.xctest */ = {isa = PBXFileReference; explicitFileType = wrapper.cfbundle; includeInIndex = 0; path = SocialAppTests.xctest; sourceTree = BUILT_PRODUCTS_DIR; };
		F5A9F888298CA61400EA6AF5 /* SocialAppTests.swift */ = {isa = PBXFileReference; lastKnownFileType = sourcecode.swift; path = SocialAppTests.swift; sourceTree = "<group>"; };
		F5A9F88E298CA61400EA6AF5 /* SocialAppUITests.xctest */ = {isa = PBXFileReference; explicitFileType = wrapper.cfbundle; includeInIndex = 0; path = SocialAppUITests.xctest; sourceTree = BUILT_PRODUCTS_DIR; };
		F5A9F892298CA61400EA6AF5 /* SocialAppUITests.swift */ = {isa = PBXFileReference; lastKnownFileType = sourcecode.swift; path = SocialAppUITests.swift; sourceTree = "<group>"; };
		F5D26E30298E08750024DBDF /* SignUpView.swift */ = {isa = PBXFileReference; fileEncoding = 4; lastKnownFileType = sourcecode.swift; path = SignUpView.swift; sourceTree = "<group>"; };
		F5D26E31298E08750024DBDF /* SignUpView.xib */ = {isa = PBXFileReference; fileEncoding = 4; lastKnownFileType = file.xib; path = SignUpView.xib; sourceTree = "<group>"; };
		F5D26E37298E0B670024DBDF /* FeedView.swift */ = {isa = PBXFileReference; fileEncoding = 4; lastKnownFileType = sourcecode.swift; path = FeedView.swift; sourceTree = "<group>"; };
		F5D26E39298E0B670024DBDF /* UserCell.xib */ = {isa = PBXFileReference; fileEncoding = 4; lastKnownFileType = file.xib; path = UserCell.xib; sourceTree = "<group>"; };
		F5D26E3C298E0B670024DBDF /* HeaderCell.swift */ = {isa = PBXFileReference; fileEncoding = 4; lastKnownFileType = sourcecode.swift; path = HeaderCell.swift; sourceTree = "<group>"; };
		F5D26E3D298E0B670024DBDF /* HeaderCell.xib */ = {isa = PBXFileReference; fileEncoding = 4; lastKnownFileType = file.xib; path = HeaderCell.xib; sourceTree = "<group>"; };
		F5D26E40298E0B680024DBDF /* PostCell.xib */ = {isa = PBXFileReference; fileEncoding = 4; lastKnownFileType = file.xib; path = PostCell.xib; sourceTree = "<group>"; };
		F5D26E41298E0B680024DBDF /* PostCell.swift */ = {isa = PBXFileReference; fileEncoding = 4; lastKnownFileType = sourcecode.swift; path = PostCell.swift; sourceTree = "<group>"; };
		F5D26E42298E0B680024DBDF /* FeedView.xib */ = {isa = PBXFileReference; fileEncoding = 4; lastKnownFileType = file.xib; path = FeedView.xib; sourceTree = "<group>"; };
		F5D26E44298E0B680024DBDF /* UserCell.swift */ = {isa = PBXFileReference; fileEncoding = 4; lastKnownFileType = sourcecode.swift; path = UserCell.swift; sourceTree = "<group>"; };
		F5D26E53298E0BE90024DBDF /* UIImageView+Extension.swift */ = {isa = PBXFileReference; fileEncoding = 4; lastKnownFileType = sourcecode.swift; path = "UIImageView+Extension.swift"; sourceTree = "<group>"; };
		F5D26E55298E0D270024DBDF /* AppColor.swift */ = {isa = PBXFileReference; fileEncoding = 4; lastKnownFileType = sourcecode.swift; path = AppColor.swift; sourceTree = "<group>"; };
		F5D26E58298E10FD0024DBDF /* PostView.swift */ = {isa = PBXFileReference; fileEncoding = 4; lastKnownFileType = sourcecode.swift; path = PostView.swift; sourceTree = "<group>"; };
		F5D26E59298E10FD0024DBDF /* PostView.xib */ = {isa = PBXFileReference; fileEncoding = 4; lastKnownFileType = file.xib; path = PostView.xib; sourceTree = "<group>"; };
		F5D26E5C298E119A0024DBDF /* NavController.swift */ = {isa = PBXFileReference; fileEncoding = 4; lastKnownFileType = sourcecode.swift; path = NavController.swift; sourceTree = "<group>"; };
		F5D26E5E298E17CF0024DBDF /* AddPostView.xib */ = {isa = PBXFileReference; fileEncoding = 4; lastKnownFileType = file.xib; path = AddPostView.xib; sourceTree = "<group>"; };
		F5D26E5F298E17CF0024DBDF /* AddPostView.swift */ = {isa = PBXFileReference; fileEncoding = 4; lastKnownFileType = sourcecode.swift; path = AddPostView.swift; sourceTree = "<group>"; };
		F5D26E62298E2CEB0024DBDF /* PostOptionsView.swift */ = {isa = PBXFileReference; fileEncoding = 4; lastKnownFileType = sourcecode.swift; path = PostOptionsView.swift; sourceTree = "<group>"; };
		F5D26E63298E2CEB0024DBDF /* PostOptionsView.xib */ = {isa = PBXFileReference; fileEncoding = 4; lastKnownFileType = file.xib; path = PostOptionsView.xib; sourceTree = "<group>"; };
		F5D26E67298E5D190024DBDF /* AccountView.xib */ = {isa = PBXFileReference; fileEncoding = 4; lastKnownFileType = file.xib; path = AccountView.xib; sourceTree = "<group>"; };
		F5D26E68298E5D190024DBDF /* AccountView.swift */ = {isa = PBXFileReference; fileEncoding = 4; lastKnownFileType = sourcecode.swift; path = AccountView.swift; sourceTree = "<group>"; };
		F5D26E6B298E82630024DBDF /* GoogleService-Info.plist */ = {isa = PBXFileReference; fileEncoding = 4; lastKnownFileType = text.plist.xml; path = "GoogleService-Info.plist"; sourceTree = "<group>"; };
		F5D26E70298F6D7B0024DBDF /* CameraHandler.swift */ = {isa = PBXFileReference; lastKnownFileType = sourcecode.swift; path = CameraHandler.swift; sourceTree = "<group>"; };
		FFA7908159E8B6B6ACBC879E /* Pods-Yay!-SocialAppUITests.release.xcconfig */ = {isa = PBXFileReference; includeInIndex = 1; lastKnownFileType = text.xcconfig; name = "Pods-Yay!-SocialAppUITests.release.xcconfig"; path = "Target Support Files/Pods-Yay!-SocialAppUITests/Pods-Yay!-SocialAppUITests.release.xcconfig"; sourceTree = "<group>"; };
/* End PBXFileReference section */

/* Begin PBXFrameworksBuildPhase section */
		F5A9F86B298CA61000EA6AF5 /* Frameworks */ = {
			isa = PBXFrameworksBuildPhase;
			buildActionMask = 2147483647;
			files = (
				D1D39347442EEB8558D0FC29 /* Pods_Yay.framework in Frameworks */,
			);
			runOnlyForDeploymentPostprocessing = 0;
		};
		F5A9F881298CA61400EA6AF5 /* Frameworks */ = {
			isa = PBXFrameworksBuildPhase;
			buildActionMask = 2147483647;
			files = (
				4D7AF4FAE660F8DF3C648C5D /* Pods_SocialAppTests.framework in Frameworks */,
			);
			runOnlyForDeploymentPostprocessing = 0;
		};
		F5A9F88B298CA61400EA6AF5 /* Frameworks */ = {
			isa = PBXFrameworksBuildPhase;
			buildActionMask = 2147483647;
			files = (
				C5B8EEFE5F514903C9A237D1 /* Pods_Yay_SocialAppUITests.framework in Frameworks */,
			);
			runOnlyForDeploymentPostprocessing = 0;
		};
/* End PBXFrameworksBuildPhase section */

/* Begin PBXGroup section */
		CFB41EC7FC5B61898E2C7088 /* Pods */ = {
			isa = PBXGroup;
			children = (
				CE09C69F4C6B0B2D2E438622 /* Pods-SocialApp.debug.xcconfig */,
				647C11D22F1D78F82F1C2FCE /* Pods-SocialApp.release.xcconfig */,
				0A72DB5669AB531F2D184572 /* Pods-SocialApp-SocialAppUITests.debug.xcconfig */,
				1326FD1FE3397D3362C0EE26 /* Pods-SocialApp-SocialAppUITests.release.xcconfig */,
				3FDEC1DEA468B8BDDA255DB9 /* Pods-SocialAppTests.debug.xcconfig */,
				8AE7A3EC33BEA5786B42BFC2 /* Pods-SocialAppTests.release.xcconfig */,
				ACAE3BB9D62D25EB471F2093 /* Pods-Yay!.debug.xcconfig */,
				52E93EED12DE9E26C8488085 /* Pods-Yay!.release.xcconfig */,
				EC373740EB1EFA7497F6C583 /* Pods-Yay!-SocialAppUITests.debug.xcconfig */,
				FFA7908159E8B6B6ACBC879E /* Pods-Yay!-SocialAppUITests.release.xcconfig */,
				544DF49BDD9A4985A5673B12 /* Pods-Yay.debug.xcconfig */,
				5B76BDEFEE64D85C66EECADE /* Pods-Yay.release.xcconfig */,
				DADD6BDF78CB5FBD7EC410F0 /* Pods-Yay-SocialAppUITests.debug.xcconfig */,
				D74FD538BE706952CA28402C /* Pods-Yay-SocialAppUITests.release.xcconfig */,
			);
			path = Pods;
			sourceTree = "<group>";
		};
		E4359AC09E7EA7C74D2E60DA /* Frameworks */ = {
			isa = PBXGroup;
			children = (
				890E5ECD90CBC1B3DCC4CB83 /* Pods_SocialAppTests.framework */,
				EE04452980F8AD67763880FB /* Pods_Yay.framework */,
				6197E3CED389DF8238014FD0 /* Pods_Yay_SocialAppUITests.framework */,
			);
			name = Frameworks;
			sourceTree = "<group>";
		};
		F587CB162991F162002F6BA8 /* Service */ = {
			isa = PBXGroup;
			children = (
				F587CB172991F17C002F6BA8 /* UserApiService.swift */,
				F587CB202992052C002F6BA8 /* PostApiService.swift */,
			);
			path = Service;
			sourceTree = "<group>";
		};
		F587CB192991F479002F6BA8 /* Models */ = {
			isa = PBXGroup;
			children = (
				F587CB1A2991F489002F6BA8 /* User.swift */,
				F587CB1C2991F4A6002F6BA8 /* Post.swift */,
			);
			path = Models;
			sourceTree = "<group>";
		};
		F587CB2429928E2A002F6BA8 /* Resources */ = {
			isa = PBXGroup;
			children = (
				F587CB2529928E38002F6BA8 /* loading.gif */,
			);
			path = Resources;
			sourceTree = "<group>";
		};
		F59A7150298E05AE0095FC9D /* Utilities */ = {
			isa = PBXGroup;
			children = (
				F5D26E55298E0D270024DBDF /* AppColor.swift */,
				F5D26E5C298E119A0024DBDF /* NavController.swift */,
				F59A7151298E05C60095FC9D /* UITextField+Extension.swift */,
				F5D26E53298E0BE90024DBDF /* UIImageView+Extension.swift */,
				F587CB22299214AD002F6BA8 /* String+Extension.swift */,
			);
			path = Utilities;
			sourceTree = "<group>";
		};
		F59A7153298E05E90095FC9D /* Screens */ = {
			isa = PBXGroup;
			children = (
				F5D26E6F298F6D680024DBDF /* Common */,
				F5D26E35298E0B400024DBDF /* SignUp */,
				F5D26E34298E0AD90024DBDF /* Login */,
				F5D26E57298E10A50024DBDF /* Post */,
				F5D26E66298E5CF50024DBDF /* Profile */,
				F5D26E36298E0B510024DBDF /* Feed */,
			);
			name = Screens;
			path = Utilities/Screens;
			sourceTree = "<group>";
		};
		F5A9F865298CA61000EA6AF5 = {
			isa = PBXGroup;
			children = (
				F5A9F870298CA61000EA6AF5 /* SocialApp */,
				F5A9F887298CA61400EA6AF5 /* SocialAppTests */,
				F5A9F891298CA61400EA6AF5 /* SocialAppUITests */,
				F5A9F86F298CA61000EA6AF5 /* Products */,
				CFB41EC7FC5B61898E2C7088 /* Pods */,
				E4359AC09E7EA7C74D2E60DA /* Frameworks */,
			);
			sourceTree = "<group>";
		};
		F5A9F86F298CA61000EA6AF5 /* Products */ = {
			isa = PBXGroup;
			children = (
				F5A9F86E298CA61000EA6AF5 /* Yay.app */,
				F5A9F884298CA61400EA6AF5 /* SocialAppTests.xctest */,
				F5A9F88E298CA61400EA6AF5 /* SocialAppUITests.xctest */,
			);
			name = Products;
			sourceTree = "<group>";
		};
		F5A9F870298CA61000EA6AF5 /* SocialApp */ = {
			isa = PBXGroup;
			children = (
				F59A7153298E05E90095FC9D /* Screens */,
				F587CB192991F479002F6BA8 /* Models */,
				F587CB162991F162002F6BA8 /* Service */,
				F59A7150298E05AE0095FC9D /* Utilities */,
				F587CB2429928E2A002F6BA8 /* Resources */,
				F5A9F871298CA61000EA6AF5 /* AppDelegate.swift */,
				F5A9F873298CA61000EA6AF5 /* SceneDelegate.swift */,
				F5A9F875298CA61000EA6AF5 /* ViewController.swift */,
				F5A9F877298CA61000EA6AF5 /* Main.storyboard */,
				F5A9F87A298CA61400EA6AF5 /* Assets.xcassets */,
				F5A9F87C298CA61400EA6AF5 /* LaunchScreen.storyboard */,
				F5A9F87F298CA61400EA6AF5 /* Info.plist */,
				F5D26E6B298E82630024DBDF /* GoogleService-Info.plist */,
			);
			path = SocialApp;
			sourceTree = "<group>";
		};
		F5A9F887298CA61400EA6AF5 /* SocialAppTests */ = {
			isa = PBXGroup;
			children = (
				F587CB4229934AE1002F6BA8 /* AuthenticationTests.swift */,
				F587CB46299375F7002F6BA8 /* ViewModelTests.swift */,
				F587CB482993863B002F6BA8 /* FeedTests.swift */,
				F5A9F888298CA61400EA6AF5 /* SocialAppTests.swift */,
			);
			path = SocialAppTests;
			sourceTree = "<group>";
		};
		F5A9F891298CA61400EA6AF5 /* SocialAppUITests */ = {
			isa = PBXGroup;
			children = (
				F5A9F892298CA61400EA6AF5 /* SocialAppUITests.swift */,
			);
			path = SocialAppUITests;
			sourceTree = "<group>";
		};
		F5D26E34298E0AD90024DBDF /* Login */ = {
			isa = PBXGroup;
			children = (
				F59A7154298E05F60095FC9D /* LoginView.swift */,
				F587CB292992D8EF002F6BA8 /* LoginViewModel.swift */,
				F59A7155298E05F60095FC9D /* LoginView.xib */,
			);
			path = Login;
			sourceTree = "<group>";
		};
		F5D26E35298E0B400024DBDF /* SignUp */ = {
			isa = PBXGroup;
			children = (
				F5D26E30298E08750024DBDF /* SignUpView.swift */,
				F587CB272992D6C9002F6BA8 /* SignUpViewModel.swift */,
				F5D26E31298E08750024DBDF /* SignUpView.xib */,
			);
			path = SignUp;
			sourceTree = "<group>";
		};
		F5D26E36298E0B510024DBDF /* Feed */ = {
			isa = PBXGroup;
			children = (
				F5D26E3C298E0B670024DBDF /* HeaderCell.swift */,
				F587CB3729933852002F6BA8 /* HeaderCellViewModel.swift */,
				F5D26E3D298E0B670024DBDF /* HeaderCell.xib */,
				F5D26E44298E0B680024DBDF /* UserCell.swift */,
				F587CB3B29933CA6002F6BA8 /* UserCellViewModel.swift */,
				F5D26E39298E0B670024DBDF /* UserCell.xib */,
				F5D26E41298E0B680024DBDF /* PostCell.swift */,
				F587CB3D29933EBA002F6BA8 /* PostCellViewModel.swift */,
				F5D26E40298E0B680024DBDF /* PostCell.xib */,
				F5D26E37298E0B670024DBDF /* FeedView.swift */,
				F587CB3F29934526002F6BA8 /* FeedViewModel.swift */,
				F5D26E42298E0B680024DBDF /* FeedView.xib */,
			);
			path = Feed;
			sourceTree = "<group>";
		};
		F5D26E57298E10A50024DBDF /* Post */ = {
			isa = PBXGroup;
			children = (
				F5D26E58298E10FD0024DBDF /* PostView.swift */,
				F587CB2B2992D996002F6BA8 /* PostViewModel.swift */,
				F5D26E59298E10FD0024DBDF /* PostView.xib */,
				F5D26E5F298E17CF0024DBDF /* AddPostView.swift */,
				F587CB2D2992E090002F6BA8 /* AddPostViewModel.swift */,
				F5D26E5E298E17CF0024DBDF /* AddPostView.xib */,
				F5D26E62298E2CEB0024DBDF /* PostOptionsView.swift */,
				F587CB2F2992E867002F6BA8 /* PostOptionsViewModel.swift */,
				F5D26E63298E2CEB0024DBDF /* PostOptionsView.xib */,
			);
			path = Post;
			sourceTree = "<group>";
		};
		F5D26E66298E5CF50024DBDF /* Profile */ = {
			isa = PBXGroup;
			children = (
				F5D26E68298E5D190024DBDF /* AccountView.swift */,
				F587CB332992EB04002F6BA8 /* AccountViewModel.swift */,
				F5D26E67298E5D190024DBDF /* AccountView.xib */,
			);
			path = Profile;
			sourceTree = "<group>";
		};
		F5D26E6F298F6D680024DBDF /* Common */ = {
			isa = PBXGroup;
			children = (
				F5D26E70298F6D7B0024DBDF /* CameraHandler.swift */,
				F587CB1E2991F68C002F6BA8 /* MessageHandler.swift */,
				F587CB3929933AFA002F6BA8 /* Observable.swift */,
			);
			path = Common;
			sourceTree = "<group>";
		};
/* End PBXGroup section */

/* Begin PBXNativeTarget section */
		F5A9F86D298CA61000EA6AF5 /* Yay */ = {
			isa = PBXNativeTarget;
			buildConfigurationList = F5A9F898298CA61400EA6AF5 /* Build configuration list for PBXNativeTarget "Yay" */;
			buildPhases = (
				30697C6026FF1551A2C5DA72 /* [CP] Check Pods Manifest.lock */,
				F5A9F86A298CA61000EA6AF5 /* Sources */,
				F5A9F86B298CA61000EA6AF5 /* Frameworks */,
				F5A9F86C298CA61000EA6AF5 /* Resources */,
				5FB956068F835AA49F9AE933 /* [CP] Embed Pods Frameworks */,
			);
			buildRules = (
			);
			dependencies = (
			);
			name = Yay;
			productName = SocialApp;
			productReference = F5A9F86E298CA61000EA6AF5 /* Yay.app */;
			productType = "com.apple.product-type.application";
		};
		F5A9F883298CA61400EA6AF5 /* SocialAppTests */ = {
			isa = PBXNativeTarget;
			buildConfigurationList = F5A9F89B298CA61400EA6AF5 /* Build configuration list for PBXNativeTarget "SocialAppTests" */;
			buildPhases = (
				C8680C4B9CE0F67CC8A3A0C6 /* [CP] Check Pods Manifest.lock */,
				F5A9F880298CA61400EA6AF5 /* Sources */,
				F5A9F881298CA61400EA6AF5 /* Frameworks */,
				F5A9F882298CA61400EA6AF5 /* Resources */,
			);
			buildRules = (
			);
			dependencies = (
				F5A9F886298CA61400EA6AF5 /* PBXTargetDependency */,
			);
			name = SocialAppTests;
			productName = SocialAppTests;
			productReference = F5A9F884298CA61400EA6AF5 /* SocialAppTests.xctest */;
			productType = "com.apple.product-type.bundle.unit-test";
		};
		F5A9F88D298CA61400EA6AF5 /* SocialAppUITests */ = {
			isa = PBXNativeTarget;
			buildConfigurationList = F5A9F89E298CA61400EA6AF5 /* Build configuration list for PBXNativeTarget "SocialAppUITests" */;
			buildPhases = (
				5C6C9466746ED33A71B78E06 /* [CP] Check Pods Manifest.lock */,
				F5A9F88A298CA61400EA6AF5 /* Sources */,
				F5A9F88B298CA61400EA6AF5 /* Frameworks */,
				F5A9F88C298CA61400EA6AF5 /* Resources */,
				0DE8F900E1695E6C539060BE /* [CP] Embed Pods Frameworks */,
			);
			buildRules = (
			);
			dependencies = (
				F5A9F890298CA61400EA6AF5 /* PBXTargetDependency */,
			);
			name = SocialAppUITests;
			productName = SocialAppUITests;
			productReference = F5A9F88E298CA61400EA6AF5 /* SocialAppUITests.xctest */;
			productType = "com.apple.product-type.bundle.ui-testing";
		};
/* End PBXNativeTarget section */

/* Begin PBXProject section */
		F5A9F866298CA61000EA6AF5 /* Project object */ = {
			isa = PBXProject;
			attributes = {
				BuildIndependentTargetsInParallel = 1;
				LastSwiftUpdateCheck = 1400;
				LastUpgradeCheck = 1400;
				TargetAttributes = {
					F5A9F86D298CA61000EA6AF5 = {
						CreatedOnToolsVersion = 14.0.1;
					};
					F5A9F883298CA61400EA6AF5 = {
						CreatedOnToolsVersion = 14.0.1;
						TestTargetID = F5A9F86D298CA61000EA6AF5;
					};
					F5A9F88D298CA61400EA6AF5 = {
						CreatedOnToolsVersion = 14.0.1;
						TestTargetID = F5A9F86D298CA61000EA6AF5;
					};
				};
			};
			buildConfigurationList = F5A9F869298CA61000EA6AF5 /* Build configuration list for PBXProject "SocialApp" */;
			compatibilityVersion = "Xcode 13.0";
			developmentRegion = en;
			hasScannedForEncodings = 0;
			knownRegions = (
				en,
				Base,
			);
			mainGroup = F5A9F865298CA61000EA6AF5;
			productRefGroup = F5A9F86F298CA61000EA6AF5 /* Products */;
			projectDirPath = "";
			projectRoot = "";
			targets = (
				F5A9F86D298CA61000EA6AF5 /* Yay */,
				F5A9F883298CA61400EA6AF5 /* SocialAppTests */,
				F5A9F88D298CA61400EA6AF5 /* SocialAppUITests */,
			);
		};
/* End PBXProject section */

/* Begin PBXResourcesBuildPhase section */
		F5A9F86C298CA61000EA6AF5 /* Resources */ = {
			isa = PBXResourcesBuildPhase;
			buildActionMask = 2147483647;
			files = (
				F5D26E33298E08750024DBDF /* SignUpView.xib in Resources */,
				F5D26E47298E0B680024DBDF /* UserCell.xib in Resources */,
				F59A7157298E05F60095FC9D /* LoginView.xib in Resources */,
				F5A9F87E298CA61400EA6AF5 /* LaunchScreen.storyboard in Resources */,
				F5A9F87B298CA61400EA6AF5 /* Assets.xcassets in Resources */,
				F5D26E4B298E0B680024DBDF /* HeaderCell.xib in Resources */,
				F5D26E4E298E0B680024DBDF /* PostCell.xib in Resources */,
				F5D26E6C298E82640024DBDF /* GoogleService-Info.plist in Resources */,
				F5D26E50298E0B680024DBDF /* FeedView.xib in Resources */,
				F5D26E69298E5D190024DBDF /* AccountView.xib in Resources */,
				F5D26E65298E2CEB0024DBDF /* PostOptionsView.xib in Resources */,
				F5A9F879298CA61000EA6AF5 /* Main.storyboard in Resources */,
				F587CB2629928E38002F6BA8 /* loading.gif in Resources */,
				F5D26E60298E17CF0024DBDF /* AddPostView.xib in Resources */,
				F5D26E5B298E10FD0024DBDF /* PostView.xib in Resources */,
			);
			runOnlyForDeploymentPostprocessing = 0;
		};
		F5A9F882298CA61400EA6AF5 /* Resources */ = {
			isa = PBXResourcesBuildPhase;
			buildActionMask = 2147483647;
			files = (
				F5D26E6D298E82640024DBDF /* GoogleService-Info.plist in Resources */,
			);
			runOnlyForDeploymentPostprocessing = 0;
		};
		F5A9F88C298CA61400EA6AF5 /* Resources */ = {
			isa = PBXResourcesBuildPhase;
			buildActionMask = 2147483647;
			files = (
				F5D26E6E298E82640024DBDF /* GoogleService-Info.plist in Resources */,
			);
			runOnlyForDeploymentPostprocessing = 0;
		};
/* End PBXResourcesBuildPhase section */

/* Begin PBXShellScriptBuildPhase section */
		0DE8F900E1695E6C539060BE /* [CP] Embed Pods Frameworks */ = {
			isa = PBXShellScriptBuildPhase;
			buildActionMask = 2147483647;
			files = (
			);
			inputFileListPaths = (
				"${PODS_ROOT}/Target Support Files/Pods-Yay-SocialAppUITests/Pods-Yay-SocialAppUITests-frameworks-${CONFIGURATION}-input-files.xcfilelist",
			);
			name = "[CP] Embed Pods Frameworks";
			outputFileListPaths = (
				"${PODS_ROOT}/Target Support Files/Pods-Yay-SocialAppUITests/Pods-Yay-SocialAppUITests-frameworks-${CONFIGURATION}-output-files.xcfilelist",
			);
			runOnlyForDeploymentPostprocessing = 0;
			shellPath = /bin/sh;
			shellScript = "\"${PODS_ROOT}/Target Support Files/Pods-Yay-SocialAppUITests/Pods-Yay-SocialAppUITests-frameworks.sh\"\n";
			showEnvVarsInLog = 0;
		};
		30697C6026FF1551A2C5DA72 /* [CP] Check Pods Manifest.lock */ = {
			isa = PBXShellScriptBuildPhase;
			buildActionMask = 2147483647;
			files = (
			);
			inputFileListPaths = (
			);
			inputPaths = (
				"${PODS_PODFILE_DIR_PATH}/Podfile.lock",
				"${PODS_ROOT}/Manifest.lock",
			);
			name = "[CP] Check Pods Manifest.lock";
			outputFileListPaths = (
			);
			outputPaths = (
				"$(DERIVED_FILE_DIR)/Pods-Yay-checkManifestLockResult.txt",
			);
			runOnlyForDeploymentPostprocessing = 0;
			shellPath = /bin/sh;
			shellScript = "diff \"${PODS_PODFILE_DIR_PATH}/Podfile.lock\" \"${PODS_ROOT}/Manifest.lock\" > /dev/null\nif [ $? != 0 ] ; then\n    # print error to STDERR\n    echo \"error: The sandbox is not in sync with the Podfile.lock. Run 'pod install' or update your CocoaPods installation.\" >&2\n    exit 1\nfi\n# This output is used by Xcode 'outputs' to avoid re-running this script phase.\necho \"SUCCESS\" > \"${SCRIPT_OUTPUT_FILE_0}\"\n";
			showEnvVarsInLog = 0;
		};
		5C6C9466746ED33A71B78E06 /* [CP] Check Pods Manifest.lock */ = {
			isa = PBXShellScriptBuildPhase;
			buildActionMask = 2147483647;
			files = (
			);
			inputFileListPaths = (
			);
			inputPaths = (
				"${PODS_PODFILE_DIR_PATH}/Podfile.lock",
				"${PODS_ROOT}/Manifest.lock",
			);
			name = "[CP] Check Pods Manifest.lock";
			outputFileListPaths = (
			);
			outputPaths = (
				"$(DERIVED_FILE_DIR)/Pods-Yay-SocialAppUITests-checkManifestLockResult.txt",
			);
			runOnlyForDeploymentPostprocessing = 0;
			shellPath = /bin/sh;
			shellScript = "diff \"${PODS_PODFILE_DIR_PATH}/Podfile.lock\" \"${PODS_ROOT}/Manifest.lock\" > /dev/null\nif [ $? != 0 ] ; then\n    # print error to STDERR\n    echo \"error: The sandbox is not in sync with the Podfile.lock. Run 'pod install' or update your CocoaPods installation.\" >&2\n    exit 1\nfi\n# This output is used by Xcode 'outputs' to avoid re-running this script phase.\necho \"SUCCESS\" > \"${SCRIPT_OUTPUT_FILE_0}\"\n";
			showEnvVarsInLog = 0;
		};
		5FB956068F835AA49F9AE933 /* [CP] Embed Pods Frameworks */ = {
			isa = PBXShellScriptBuildPhase;
			buildActionMask = 2147483647;
			files = (
			);
			inputFileListPaths = (
				"${PODS_ROOT}/Target Support Files/Pods-Yay/Pods-Yay-frameworks-${CONFIGURATION}-input-files.xcfilelist",
			);
			name = "[CP] Embed Pods Frameworks";
			outputFileListPaths = (
				"${PODS_ROOT}/Target Support Files/Pods-Yay/Pods-Yay-frameworks-${CONFIGURATION}-output-files.xcfilelist",
			);
			runOnlyForDeploymentPostprocessing = 0;
			shellPath = /bin/sh;
			shellScript = "\"${PODS_ROOT}/Target Support Files/Pods-Yay/Pods-Yay-frameworks.sh\"\n";
			showEnvVarsInLog = 0;
		};
		C8680C4B9CE0F67CC8A3A0C6 /* [CP] Check Pods Manifest.lock */ = {
			isa = PBXShellScriptBuildPhase;
			buildActionMask = 2147483647;
			files = (
			);
			inputFileListPaths = (
			);
			inputPaths = (
				"${PODS_PODFILE_DIR_PATH}/Podfile.lock",
				"${PODS_ROOT}/Manifest.lock",
			);
			name = "[CP] Check Pods Manifest.lock";
			outputFileListPaths = (
			);
			outputPaths = (
				"$(DERIVED_FILE_DIR)/Pods-SocialAppTests-checkManifestLockResult.txt",
			);
			runOnlyForDeploymentPostprocessing = 0;
			shellPath = /bin/sh;
			shellScript = "diff \"${PODS_PODFILE_DIR_PATH}/Podfile.lock\" \"${PODS_ROOT}/Manifest.lock\" > /dev/null\nif [ $? != 0 ] ; then\n    # print error to STDERR\n    echo \"error: The sandbox is not in sync with the Podfile.lock. Run 'pod install' or update your CocoaPods installation.\" >&2\n    exit 1\nfi\n# This output is used by Xcode 'outputs' to avoid re-running this script phase.\necho \"SUCCESS\" > \"${SCRIPT_OUTPUT_FILE_0}\"\n";
			showEnvVarsInLog = 0;
		};
/* End PBXShellScriptBuildPhase section */

/* Begin PBXSourcesBuildPhase section */
		F5A9F86A298CA61000EA6AF5 /* Sources */ = {
			isa = PBXSourcesBuildPhase;
			buildActionMask = 2147483647;
			files = (
				F587CB4029934526002F6BA8 /* FeedViewModel.swift in Sources */,
				F5D26E71298F6D7B0024DBDF /* CameraHandler.swift in Sources */,
				F5A9F876298CA61000EA6AF5 /* ViewController.swift in Sources */,
				F587CB212992052C002F6BA8 /* PostApiService.swift in Sources */,
				F5D26E4A298E0B680024DBDF /* HeaderCell.swift in Sources */,
				F587CB302992E867002F6BA8 /* PostOptionsViewModel.swift in Sources */,
				F587CB3C29933CA6002F6BA8 /* UserCellViewModel.swift in Sources */,
				F587CB1D2991F4A6002F6BA8 /* Post.swift in Sources */,
				F5D26E54298E0BE90024DBDF /* UIImageView+Extension.swift in Sources */,
				F59A7152298E05C60095FC9D /* UITextField+Extension.swift in Sources */,
				F5D26E45298E0B680024DBDF /* FeedView.swift in Sources */,
				F587CB2A2992D8EF002F6BA8 /* LoginViewModel.swift in Sources */,
				F587CB23299214AD002F6BA8 /* String+Extension.swift in Sources */,
				F587CB1F2991F68C002F6BA8 /* MessageHandler.swift in Sources */,
				F5D26E4F298E0B680024DBDF /* PostCell.swift in Sources */,
				F587CB3829933853002F6BA8 /* HeaderCellViewModel.swift in Sources */,
				F5A9F872298CA61000EA6AF5 /* AppDelegate.swift in Sources */,
				F5D26E52298E0B680024DBDF /* UserCell.swift in Sources */,
				F587CB3A29933AFA002F6BA8 /* Observable.swift in Sources */,
				F5D26E64298E2CEB0024DBDF /* PostOptionsView.swift in Sources */,
				F587CB342992EB04002F6BA8 /* AccountViewModel.swift in Sources */,
				F587CB2C2992D996002F6BA8 /* PostViewModel.swift in Sources */,
				F5D26E5D298E119A0024DBDF /* NavController.swift in Sources */,
				F5D26E61298E17CF0024DBDF /* AddPostView.swift in Sources */,
				F59A7156298E05F60095FC9D /* LoginView.swift in Sources */,
				F5A9F874298CA61000EA6AF5 /* SceneDelegate.swift in Sources */,
				F587CB2E2992E090002F6BA8 /* AddPostViewModel.swift in Sources */,
				F5D26E56298E0D270024DBDF /* AppColor.swift in Sources */,
				F5D26E6A298E5D190024DBDF /* AccountView.swift in Sources */,
				F587CB182991F17C002F6BA8 /* UserApiService.swift in Sources */,
				F5D26E5A298E10FD0024DBDF /* PostView.swift in Sources */,
				F587CB282992D6C9002F6BA8 /* SignUpViewModel.swift in Sources */,
				F5D26E32298E08750024DBDF /* SignUpView.swift in Sources */,
				F587CB3E29933EBA002F6BA8 /* PostCellViewModel.swift in Sources */,
				F587CB1B2991F489002F6BA8 /* User.swift in Sources */,
			);
			runOnlyForDeploymentPostprocessing = 0;
		};
		F5A9F880298CA61400EA6AF5 /* Sources */ = {
			isa = PBXSourcesBuildPhase;
			buildActionMask = 2147483647;
			files = (
				F5A9F889298CA61400EA6AF5 /* SocialAppTests.swift in Sources */,
				F587CB492993863B002F6BA8 /* FeedTests.swift in Sources */,
				F587CB4329934AE2002F6BA8 /* AuthenticationTests.swift in Sources */,
				F587CB47299375F7002F6BA8 /* ViewModelTests.swift in Sources */,
			);
			runOnlyForDeploymentPostprocessing = 0;
		};
		F5A9F88A298CA61400EA6AF5 /* Sources */ = {
			isa = PBXSourcesBuildPhase;
			buildActionMask = 2147483647;
			files = (
				F5A9F893298CA61400EA6AF5 /* SocialAppUITests.swift in Sources */,
			);
			runOnlyForDeploymentPostprocessing = 0;
		};
/* End PBXSourcesBuildPhase section */

/* Begin PBXTargetDependency section */
		F5A9F886298CA61400EA6AF5 /* PBXTargetDependency */ = {
			isa = PBXTargetDependency;
			target = F5A9F86D298CA61000EA6AF5 /* Yay */;
			targetProxy = F5A9F885298CA61400EA6AF5 /* PBXContainerItemProxy */;
		};
		F5A9F890298CA61400EA6AF5 /* PBXTargetDependency */ = {
			isa = PBXTargetDependency;
			target = F5A9F86D298CA61000EA6AF5 /* Yay */;
			targetProxy = F5A9F88F298CA61400EA6AF5 /* PBXContainerItemProxy */;
		};
/* End PBXTargetDependency section */

/* Begin PBXVariantGroup section */
		F5A9F877298CA61000EA6AF5 /* Main.storyboard */ = {
			isa = PBXVariantGroup;
			children = (
				F5A9F878298CA61000EA6AF5 /* Base */,
			);
			name = Main.storyboard;
			sourceTree = "<group>";
		};
		F5A9F87C298CA61400EA6AF5 /* LaunchScreen.storyboard */ = {
			isa = PBXVariantGroup;
			children = (
				F5A9F87D298CA61400EA6AF5 /* Base */,
			);
			name = LaunchScreen.storyboard;
			sourceTree = "<group>";
		};
/* End PBXVariantGroup section */

/* Begin XCBuildConfiguration section */
		F5A9F896298CA61400EA6AF5 /* Debug */ = {
			isa = XCBuildConfiguration;
			buildSettings = {
				ALWAYS_SEARCH_USER_PATHS = NO;
				CLANG_ANALYZER_NONNULL = YES;
				CLANG_ANALYZER_NUMBER_OBJECT_CONVERSION = YES_AGGRESSIVE;
				CLANG_CXX_LANGUAGE_STANDARD = "gnu++20";
				CLANG_ENABLE_MODULES = YES;
				CLANG_ENABLE_OBJC_ARC = YES;
				CLANG_ENABLE_OBJC_WEAK = YES;
				CLANG_WARN_BLOCK_CAPTURE_AUTORELEASING = YES;
				CLANG_WARN_BOOL_CONVERSION = YES;
				CLANG_WARN_COMMA = YES;
				CLANG_WARN_CONSTANT_CONVERSION = YES;
				CLANG_WARN_DEPRECATED_OBJC_IMPLEMENTATIONS = YES;
				CLANG_WARN_DIRECT_OBJC_ISA_USAGE = YES_ERROR;
				CLANG_WARN_DOCUMENTATION_COMMENTS = YES;
				CLANG_WARN_EMPTY_BODY = YES;
				CLANG_WARN_ENUM_CONVERSION = YES;
				CLANG_WARN_INFINITE_RECURSION = YES;
				CLANG_WARN_INT_CONVERSION = YES;
				CLANG_WARN_NON_LITERAL_NULL_CONVERSION = YES;
				CLANG_WARN_OBJC_IMPLICIT_RETAIN_SELF = YES;
				CLANG_WARN_OBJC_LITERAL_CONVERSION = YES;
				CLANG_WARN_OBJC_ROOT_CLASS = YES_ERROR;
				CLANG_WARN_QUOTED_INCLUDE_IN_FRAMEWORK_HEADER = YES;
				CLANG_WARN_RANGE_LOOP_ANALYSIS = YES;
				CLANG_WARN_STRICT_PROTOTYPES = YES;
				CLANG_WARN_SUSPICIOUS_MOVE = YES;
				CLANG_WARN_UNGUARDED_AVAILABILITY = YES_AGGRESSIVE;
				CLANG_WARN_UNREACHABLE_CODE = YES;
				CLANG_WARN__DUPLICATE_METHOD_MATCH = YES;
				COPY_PHASE_STRIP = NO;
				DEBUG_INFORMATION_FORMAT = dwarf;
				ENABLE_STRICT_OBJC_MSGSEND = YES;
				ENABLE_TESTABILITY = YES;
				GCC_C_LANGUAGE_STANDARD = gnu11;
				GCC_DYNAMIC_NO_PIC = NO;
				GCC_NO_COMMON_BLOCKS = YES;
				GCC_OPTIMIZATION_LEVEL = 0;
				GCC_PREPROCESSOR_DEFINITIONS = (
					"DEBUG=1",
					"$(inherited)",
				);
				GCC_WARN_64_TO_32_BIT_CONVERSION = YES;
				GCC_WARN_ABOUT_RETURN_TYPE = YES_ERROR;
				GCC_WARN_UNDECLARED_SELECTOR = YES;
				GCC_WARN_UNINITIALIZED_AUTOS = YES_AGGRESSIVE;
				GCC_WARN_UNUSED_FUNCTION = YES;
				GCC_WARN_UNUSED_VARIABLE = YES;
				IPHONEOS_DEPLOYMENT_TARGET = 16.0;
				MTL_ENABLE_DEBUG_INFO = INCLUDE_SOURCE;
				MTL_FAST_MATH = YES;
				ONLY_ACTIVE_ARCH = YES;
				SDKROOT = iphoneos;
				SWIFT_ACTIVE_COMPILATION_CONDITIONS = DEBUG;
				SWIFT_OPTIMIZATION_LEVEL = "-Onone";
			};
			name = Debug;
		};
		F5A9F897298CA61400EA6AF5 /* Release */ = {
			isa = XCBuildConfiguration;
			buildSettings = {
				ALWAYS_SEARCH_USER_PATHS = NO;
				CLANG_ANALYZER_NONNULL = YES;
				CLANG_ANALYZER_NUMBER_OBJECT_CONVERSION = YES_AGGRESSIVE;
				CLANG_CXX_LANGUAGE_STANDARD = "gnu++20";
				CLANG_ENABLE_MODULES = YES;
				CLANG_ENABLE_OBJC_ARC = YES;
				CLANG_ENABLE_OBJC_WEAK = YES;
				CLANG_WARN_BLOCK_CAPTURE_AUTORELEASING = YES;
				CLANG_WARN_BOOL_CONVERSION = YES;
				CLANG_WARN_COMMA = YES;
				CLANG_WARN_CONSTANT_CONVERSION = YES;
				CLANG_WARN_DEPRECATED_OBJC_IMPLEMENTATIONS = YES;
				CLANG_WARN_DIRECT_OBJC_ISA_USAGE = YES_ERROR;
				CLANG_WARN_DOCUMENTATION_COMMENTS = YES;
				CLANG_WARN_EMPTY_BODY = YES;
				CLANG_WARN_ENUM_CONVERSION = YES;
				CLANG_WARN_INFINITE_RECURSION = YES;
				CLANG_WARN_INT_CONVERSION = YES;
				CLANG_WARN_NON_LITERAL_NULL_CONVERSION = YES;
				CLANG_WARN_OBJC_IMPLICIT_RETAIN_SELF = YES;
				CLANG_WARN_OBJC_LITERAL_CONVERSION = YES;
				CLANG_WARN_OBJC_ROOT_CLASS = YES_ERROR;
				CLANG_WARN_QUOTED_INCLUDE_IN_FRAMEWORK_HEADER = YES;
				CLANG_WARN_RANGE_LOOP_ANALYSIS = YES;
				CLANG_WARN_STRICT_PROTOTYPES = YES;
				CLANG_WARN_SUSPICIOUS_MOVE = YES;
				CLANG_WARN_UNGUARDED_AVAILABILITY = YES_AGGRESSIVE;
				CLANG_WARN_UNREACHABLE_CODE = YES;
				CLANG_WARN__DUPLICATE_METHOD_MATCH = YES;
				COPY_PHASE_STRIP = NO;
				DEBUG_INFORMATION_FORMAT = "dwarf-with-dsym";
				ENABLE_NS_ASSERTIONS = NO;
				ENABLE_STRICT_OBJC_MSGSEND = YES;
				GCC_C_LANGUAGE_STANDARD = gnu11;
				GCC_NO_COMMON_BLOCKS = YES;
				GCC_WARN_64_TO_32_BIT_CONVERSION = YES;
				GCC_WARN_ABOUT_RETURN_TYPE = YES_ERROR;
				GCC_WARN_UNDECLARED_SELECTOR = YES;
				GCC_WARN_UNINITIALIZED_AUTOS = YES_AGGRESSIVE;
				GCC_WARN_UNUSED_FUNCTION = YES;
				GCC_WARN_UNUSED_VARIABLE = YES;
				IPHONEOS_DEPLOYMENT_TARGET = 16.0;
				MTL_ENABLE_DEBUG_INFO = NO;
				MTL_FAST_MATH = YES;
				SDKROOT = iphoneos;
				SWIFT_COMPILATION_MODE = wholemodule;
				SWIFT_OPTIMIZATION_LEVEL = "-O";
				VALIDATE_PRODUCT = YES;
			};
			name = Release;
		};
		F5A9F899298CA61400EA6AF5 /* Debug */ = {
			isa = XCBuildConfiguration;
			baseConfigurationReference = 544DF49BDD9A4985A5673B12 /* Pods-Yay.debug.xcconfig */;
			buildSettings = {
				ASSETCATALOG_COMPILER_APPICON_NAME = AppIcon;
				ASSETCATALOG_COMPILER_GLOBAL_ACCENT_COLOR_NAME = AccentColor;
				CODE_SIGN_STYLE = Automatic;
				CURRENT_PROJECT_VERSION = 1;
				GENERATE_INFOPLIST_FILE = YES;
				INFOPLIST_FILE = SocialApp/Info.plist;
				INFOPLIST_KEY_CFBundleDisplayName = "Yay!";
				INFOPLIST_KEY_UIApplicationSupportsIndirectInputEvents = YES;
				INFOPLIST_KEY_UILaunchStoryboardName = LaunchScreen;
				INFOPLIST_KEY_UIMainStoryboardFile = Main;
				INFOPLIST_KEY_UISupportedInterfaceOrientations_iPad = "UIInterfaceOrientationPortrait UIInterfaceOrientationPortraitUpsideDown UIInterfaceOrientationLandscapeLeft UIInterfaceOrientationLandscapeRight";
				INFOPLIST_KEY_UISupportedInterfaceOrientations_iPhone = "UIInterfaceOrientationPortrait UIInterfaceOrientationLandscapeLeft UIInterfaceOrientationLandscapeRight";
				IPHONEOS_DEPLOYMENT_TARGET = 13.0;
				LD_RUNPATH_SEARCH_PATHS = (
					"$(inherited)",
					"@executable_path/Frameworks",
				);
				MARKETING_VERSION = 1.0;
				PRODUCT_BUNDLE_IDENTIFIER = test.SocialApp;
				PRODUCT_NAME = "$(TARGET_NAME)";
				SWIFT_EMIT_LOC_STRINGS = YES;
				SWIFT_VERSION = 5.0;
				TARGETED_DEVICE_FAMILY = "1,2";
			};
			name = Debug;
		};
		F5A9F89A298CA61400EA6AF5 /* Release */ = {
			isa = XCBuildConfiguration;
			baseConfigurationReference = 5B76BDEFEE64D85C66EECADE /* Pods-Yay.release.xcconfig */;
			buildSettings = {
				ASSETCATALOG_COMPILER_APPICON_NAME = AppIcon;
				ASSETCATALOG_COMPILER_GLOBAL_ACCENT_COLOR_NAME = AccentColor;
				CODE_SIGN_STYLE = Automatic;
				CURRENT_PROJECT_VERSION = 1;
				GENERATE_INFOPLIST_FILE = YES;
				INFOPLIST_FILE = SocialApp/Info.plist;
				INFOPLIST_KEY_CFBundleDisplayName = "Yay!";
				INFOPLIST_KEY_UIApplicationSupportsIndirectInputEvents = YES;
				INFOPLIST_KEY_UILaunchStoryboardName = LaunchScreen;
				INFOPLIST_KEY_UIMainStoryboardFile = Main;
				INFOPLIST_KEY_UISupportedInterfaceOrientations_iPad = "UIInterfaceOrientationPortrait UIInterfaceOrientationPortraitUpsideDown UIInterfaceOrientationLandscapeLeft UIInterfaceOrientationLandscapeRight";
				INFOPLIST_KEY_UISupportedInterfaceOrientations_iPhone = "UIInterfaceOrientationPortrait UIInterfaceOrientationLandscapeLeft UIInterfaceOrientationLandscapeRight";
				IPHONEOS_DEPLOYMENT_TARGET = 13.0;
				LD_RUNPATH_SEARCH_PATHS = (
					"$(inherited)",
					"@executable_path/Frameworks",
				);
				MARKETING_VERSION = 1.0;
				PRODUCT_BUNDLE_IDENTIFIER = test.SocialApp;
				PRODUCT_NAME = "$(TARGET_NAME)";
				SWIFT_EMIT_LOC_STRINGS = YES;
				SWIFT_VERSION = 5.0;
				TARGETED_DEVICE_FAMILY = "1,2";
			};
			name = Release;
		};
		F5A9F89C298CA61400EA6AF5 /* Debug */ = {
			isa = XCBuildConfiguration;
			baseConfigurationReference = 3FDEC1DEA468B8BDDA255DB9 /* Pods-SocialAppTests.debug.xcconfig */;
			buildSettings = {
				ALWAYS_EMBED_SWIFT_STANDARD_LIBRARIES = YES;
				BUNDLE_LOADER = "$(TEST_HOST)";
				CODE_SIGN_STYLE = Automatic;
				CURRENT_PROJECT_VERSION = 1;
				GENERATE_INFOPLIST_FILE = YES;
				IPHONEOS_DEPLOYMENT_TARGET = 13.0;
				MARKETING_VERSION = 1.0;
				PRODUCT_BUNDLE_IDENTIFIER = test.SocialAppTests;
				PRODUCT_NAME = "$(TARGET_NAME)";
				SWIFT_EMIT_LOC_STRINGS = NO;
				SWIFT_VERSION = 5.0;
				TARGETED_DEVICE_FAMILY = "1,2";
				TEST_HOST = "$(BUILT_PRODUCTS_DIR)/Yay.app/$(BUNDLE_EXECUTABLE_FOLDER_PATH)/Yay";
			};
			name = Debug;
		};
		F5A9F89D298CA61400EA6AF5 /* Release */ = {
			isa = XCBuildConfiguration;
			baseConfigurationReference = 8AE7A3EC33BEA5786B42BFC2 /* Pods-SocialAppTests.release.xcconfig */;
			buildSettings = {
				ALWAYS_EMBED_SWIFT_STANDARD_LIBRARIES = YES;
				BUNDLE_LOADER = "$(TEST_HOST)";
				CODE_SIGN_STYLE = Automatic;
				CURRENT_PROJECT_VERSION = 1;
				GENERATE_INFOPLIST_FILE = YES;
				IPHONEOS_DEPLOYMENT_TARGET = 13.0;
				MARKETING_VERSION = 1.0;
				PRODUCT_BUNDLE_IDENTIFIER = test.SocialAppTests;
				PRODUCT_NAME = "$(TARGET_NAME)";
				SWIFT_EMIT_LOC_STRINGS = NO;
				SWIFT_VERSION = 5.0;
				TARGETED_DEVICE_FAMILY = "1,2";
				TEST_HOST = "$(BUILT_PRODUCTS_DIR)/Yay.app/$(BUNDLE_EXECUTABLE_FOLDER_PATH)/Yay";
			};
			name = Release;
		};
		F5A9F89F298CA61400EA6AF5 /* Debug */ = {
			isa = XCBuildConfiguration;
			baseConfigurationReference = DADD6BDF78CB5FBD7EC410F0 /* Pods-Yay-SocialAppUITests.debug.xcconfig */;
			buildSettings = {
				ALWAYS_EMBED_SWIFT_STANDARD_LIBRARIES = YES;
				CODE_SIGN_STYLE = Automatic;
				CURRENT_PROJECT_VERSION = 1;
				GENERATE_INFOPLIST_FILE = YES;
				IPHONEOS_DEPLOYMENT_TARGET = 13.0;
				MARKETING_VERSION = 1.0;
				PRODUCT_BUNDLE_IDENTIFIER = test.SocialAppUITests;
				PRODUCT_NAME = "$(TARGET_NAME)";
				PROVISIONING_PROFILE = "";
				SWIFT_EMIT_LOC_STRINGS = NO;
				SWIFT_VERSION = 5.0;
				TARGETED_DEVICE_FAMILY = "1,2";
				TEST_TARGET_NAME = Yay;
			};
			name = Debug;
		};
		F5A9F8A0298CA61400EA6AF5 /* Release */ = {
			isa = XCBuildConfiguration;
			baseConfigurationReference = D74FD538BE706952CA28402C /* Pods-Yay-SocialAppUITests.release.xcconfig */;
			buildSettings = {
				ALWAYS_EMBED_SWIFT_STANDARD_LIBRARIES = YES;
				CODE_SIGN_STYLE = Automatic;
				CURRENT_PROJECT_VERSION = 1;
				GENERATE_INFOPLIST_FILE = YES;
				IPHONEOS_DEPLOYMENT_TARGET = 13.0;
				MARKETING_VERSION = 1.0;
				PRODUCT_BUNDLE_IDENTIFIER = test.SocialAppUITests;
				PRODUCT_NAME = "$(TARGET_NAME)";
				PROVISIONING_PROFILE = "";
				SWIFT_EMIT_LOC_STRINGS = NO;
				SWIFT_VERSION = 5.0;
				TARGETED_DEVICE_FAMILY = "1,2";
				TEST_TARGET_NAME = Yay;
			};
			name = Release;
		};
/* End XCBuildConfiguration section */

/* Begin XCConfigurationList section */
		F5A9F869298CA61000EA6AF5 /* Build configuration list for PBXProject "SocialApp" */ = {
			isa = XCConfigurationList;
			buildConfigurations = (
				F5A9F896298CA61400EA6AF5 /* Debug */,
				F5A9F897298CA61400EA6AF5 /* Release */,
			);
			defaultConfigurationIsVisible = 0;
			defaultConfigurationName = Release;
		};
		F5A9F898298CA61400EA6AF5 /* Build configuration list for PBXNativeTarget "Yay" */ = {
			isa = XCConfigurationList;
			buildConfigurations = (
				F5A9F899298CA61400EA6AF5 /* Debug */,
				F5A9F89A298CA61400EA6AF5 /* Release */,
			);
			defaultConfigurationIsVisible = 0;
			defaultConfigurationName = Release;
		};
		F5A9F89B298CA61400EA6AF5 /* Build configuration list for PBXNativeTarget "SocialAppTests" */ = {
			isa = XCConfigurationList;
			buildConfigurations = (
				F5A9F89C298CA61400EA6AF5 /* Debug */,
				F5A9F89D298CA61400EA6AF5 /* Release */,
			);
			defaultConfigurationIsVisible = 0;
			defaultConfigurationName = Release;
		};
		F5A9F89E298CA61400EA6AF5 /* Build configuration list for PBXNativeTarget "SocialAppUITests" */ = {
			isa = XCConfigurationList;
			buildConfigurations = (
				F5A9F89F298CA61400EA6AF5 /* Debug */,
				F5A9F8A0298CA61400EA6AF5 /* Release */,
			);
			defaultConfigurationIsVisible = 0;
			defaultConfigurationName = Release;
		};
/* End XCConfigurationList section */
	};
	rootObject = F5A9F866298CA61000EA6AF5 /* Project object */;
}
