// !$*UTF8*$!
{
	archiveVersion = 1;
	classes = {
	};
	objectVersion = 56;
	objects = {

/* Begin PBXBuildFile section */
		F59A7152298E05C60095FC9D /* UITextField+Extension.swift in Sources */ = {isa = PBXBuildFile; fileRef = F59A7151298E05C60095FC9D /* UITextField+Extension.swift */; };
		F59A7156298E05F60095FC9D /* LoginView.swift in Sources */ = {isa = PBXBuildFile; fileRef = F59A7154298E05F60095FC9D /* LoginView.swift */; };
		F59A7157298E05F60095FC9D /* LoginView.xib in Resources */ = {isa = PBXBuildFile; fileRef = F59A7155298E05F60095FC9D /* LoginView.xib */; };
		F5A9F872298CA61000EA6AF5 /* AppDelegate.swift in Sources */ = {isa = PBXBuildFile; fileRef = F5A9F871298CA61000EA6AF5 /* AppDelegate.swift */; };
		F5A9F874298CA61000EA6AF5 /* SceneDelegate.swift in Sources */ = {isa = PBXBuildFile; fileRef = F5A9F873298CA61000EA6AF5 /* SceneDelegate.swift */; };
		F5A9F876298CA61000EA6AF5 /* ViewController.swift in Sources */ = {isa = PBXBuildFile; fileRef = F5A9F875298CA61000EA6AF5 /* ViewController.swift */; };
		F5A9F879298CA61000EA6AF5 /* Main.storyboard in Resources */ = {isa = PBXBuildFile; fileRef = F5A9F877298CA61000EA6AF5 /* Main.storyboard */; };
		F5A9F87B298CA61400EA6AF5 /* Assets.xcassets in Resources */ = {isa = PBXBuildFile; fileRef = F5A9F87A298CA61400EA6AF5 /* Assets.xcassets */; };
		F5A9F87E298CA61400EA6AF5 /* LaunchScreen.storyboard in Resources */ = {isa = PBXBuildFile; fileRef = F5A9F87C298CA61400EA6AF5 /* LaunchScreen.storyboard */; };
		F5A9F889298CA61400EA6AF5 /* SocialAppTests.swift in Sources */ = {isa = PBXBuildFile; fileRef = F5A9F888298CA61400EA6AF5 /* SocialAppTests.swift */; };
		F5A9F893298CA61400EA6AF5 /* SocialAppUITests.swift in Sources */ = {isa = PBXBuildFile; fileRef = F5A9F892298CA61400EA6AF5 /* SocialAppUITests.swift */; };
		F5A9F895298CA61400EA6AF5 /* SocialAppUITestsLaunchTests.swift in Sources */ = {isa = PBXBuildFile; fileRef = F5A9F894298CA61400EA6AF5 /* SocialAppUITestsLaunchTests.swift */; };
		F5D26E32298E08750024DBDF /* SignUpView.swift in Sources */ = {isa = PBXBuildFile; fileRef = F5D26E30298E08750024DBDF /* SignUpView.swift */; };
		F5D26E33298E08750024DBDF /* SignUpView.xib in Resources */ = {isa = PBXBuildFile; fileRef = F5D26E31298E08750024DBDF /* SignUpView.xib */; };
		F5D26E45298E0B680024DBDF /* FeedView.swift in Sources */ = {isa = PBXBuildFile; fileRef = F5D26E37298E0B670024DBDF /* FeedView.swift */; };
		F5D26E46298E0B680024DBDF /* Feed1Cell6.swift in Sources */ = {isa = PBXBuildFile; fileRef = F5D26E38298E0B670024DBDF /* Feed1Cell6.swift */; };
		F5D26E47298E0B680024DBDF /* Feed1Cell3.xib in Resources */ = {isa = PBXBuildFile; fileRef = F5D26E39298E0B670024DBDF /* Feed1Cell3.xib */; };
		F5D26E48298E0B680024DBDF /* Feed1Cell6.xib in Resources */ = {isa = PBXBuildFile; fileRef = F5D26E3A298E0B670024DBDF /* Feed1Cell6.xib */; };
		F5D26E49298E0B680024DBDF /* Feed1Cell2.xib in Resources */ = {isa = PBXBuildFile; fileRef = F5D26E3B298E0B670024DBDF /* Feed1Cell2.xib */; };
		F5D26E4A298E0B680024DBDF /* Feed1Cell1.swift in Sources */ = {isa = PBXBuildFile; fileRef = F5D26E3C298E0B670024DBDF /* Feed1Cell1.swift */; };
		F5D26E4B298E0B680024DBDF /* Feed1Cell1.xib in Resources */ = {isa = PBXBuildFile; fileRef = F5D26E3D298E0B670024DBDF /* Feed1Cell1.xib */; };
		F5D26E4C298E0B680024DBDF /* Feed1Cell5.xib in Resources */ = {isa = PBXBuildFile; fileRef = F5D26E3E298E0B670024DBDF /* Feed1Cell5.xib */; };
		F5D26E4D298E0B680024DBDF /* Feed1Cell5.swift in Sources */ = {isa = PBXBuildFile; fileRef = F5D26E3F298E0B670024DBDF /* Feed1Cell5.swift */; };
		F5D26E4E298E0B680024DBDF /* Feed1Cell4.xib in Resources */ = {isa = PBXBuildFile; fileRef = F5D26E40298E0B680024DBDF /* Feed1Cell4.xib */; };
		F5D26E4F298E0B680024DBDF /* Feed1Cell4.swift in Sources */ = {isa = PBXBuildFile; fileRef = F5D26E41298E0B680024DBDF /* Feed1Cell4.swift */; };
		F5D26E50298E0B680024DBDF /* FeedView.xib in Resources */ = {isa = PBXBuildFile; fileRef = F5D26E42298E0B680024DBDF /* FeedView.xib */; };
		F5D26E51298E0B680024DBDF /* Feed1Cell2.swift in Sources */ = {isa = PBXBuildFile; fileRef = F5D26E43298E0B680024DBDF /* Feed1Cell2.swift */; };
		F5D26E52298E0B680024DBDF /* Feed1Cell3.swift in Sources */ = {isa = PBXBuildFile; fileRef = F5D26E44298E0B680024DBDF /* Feed1Cell3.swift */; };
		F5D26E54298E0BE90024DBDF /* UIImageView+Extension.swift in Sources */ = {isa = PBXBuildFile; fileRef = F5D26E53298E0BE90024DBDF /* UIImageView+Extension.swift */; };
		F5D26E56298E0D270024DBDF /* AppColor.swift in Sources */ = {isa = PBXBuildFile; fileRef = F5D26E55298E0D270024DBDF /* AppColor.swift */; };
/* End PBXBuildFile section */

/* Begin PBXContainerItemProxy section */
		F5A9F885298CA61400EA6AF5 /* PBXContainerItemProxy */ = {
			isa = PBXContainerItemProxy;
			containerPortal = F5A9F866298CA61000EA6AF5 /* Project object */;
			proxyType = 1;
			remoteGlobalIDString = F5A9F86D298CA61000EA6AF5;
			remoteInfo = SocialApp;
		};
		F5A9F88F298CA61400EA6AF5 /* PBXContainerItemProxy */ = {
			isa = PBXContainerItemProxy;
			containerPortal = F5A9F866298CA61000EA6AF5 /* Project object */;
			proxyType = 1;
			remoteGlobalIDString = F5A9F86D298CA61000EA6AF5;
			remoteInfo = SocialApp;
		};
/* End PBXContainerItemProxy section */

/* Begin PBXFileReference section */
		F59A7151298E05C60095FC9D /* UITextField+Extension.swift */ = {isa = PBXFileReference; fileEncoding = 4; lastKnownFileType = sourcecode.swift; path = "UITextField+Extension.swift"; sourceTree = "<group>"; };
		F59A7154298E05F60095FC9D /* LoginView.swift */ = {isa = PBXFileReference; fileEncoding = 4; lastKnownFileType = sourcecode.swift; path = LoginView.swift; sourceTree = "<group>"; };
		F59A7155298E05F60095FC9D /* LoginView.xib */ = {isa = PBXFileReference; fileEncoding = 4; lastKnownFileType = file.xib; path = LoginView.xib; sourceTree = "<group>"; };
		F5A9F86E298CA61000EA6AF5 /* SocialApp.app */ = {isa = PBXFileReference; explicitFileType = wrapper.application; includeInIndex = 0; path = SocialApp.app; sourceTree = BUILT_PRODUCTS_DIR; };
		F5A9F871298CA61000EA6AF5 /* AppDelegate.swift */ = {isa = PBXFileReference; lastKnownFileType = sourcecode.swift; path = AppDelegate.swift; sourceTree = "<group>"; };
		F5A9F873298CA61000EA6AF5 /* SceneDelegate.swift */ = {isa = PBXFileReference; lastKnownFileType = sourcecode.swift; path = SceneDelegate.swift; sourceTree = "<group>"; };
		F5A9F875298CA61000EA6AF5 /* ViewController.swift */ = {isa = PBXFileReference; lastKnownFileType = sourcecode.swift; path = ViewController.swift; sourceTree = "<group>"; };
		F5A9F878298CA61000EA6AF5 /* Base */ = {isa = PBXFileReference; lastKnownFileType = file.storyboard; name = Base; path = Base.lproj/Main.storyboard; sourceTree = "<group>"; };
		F5A9F87A298CA61400EA6AF5 /* Assets.xcassets */ = {isa = PBXFileReference; lastKnownFileType = folder.assetcatalog; path = Assets.xcassets; sourceTree = "<group>"; };
		F5A9F87D298CA61400EA6AF5 /* Base */ = {isa = PBXFileReference; lastKnownFileType = file.storyboard; name = Base; path = Base.lproj/LaunchScreen.storyboard; sourceTree = "<group>"; };
		F5A9F87F298CA61400EA6AF5 /* Info.plist */ = {isa = PBXFileReference; lastKnownFileType = text.plist.xml; path = Info.plist; sourceTree = "<group>"; };
		F5A9F884298CA61400EA6AF5 /* SocialAppTests.xctest */ = {isa = PBXFileReference; explicitFileType = wrapper.cfbundle; includeInIndex = 0; path = SocialAppTests.xctest; sourceTree = BUILT_PRODUCTS_DIR; };
		F5A9F888298CA61400EA6AF5 /* SocialAppTests.swift */ = {isa = PBXFileReference; lastKnownFileType = sourcecode.swift; path = SocialAppTests.swift; sourceTree = "<group>"; };
		F5A9F88E298CA61400EA6AF5 /* SocialAppUITests.xctest */ = {isa = PBXFileReference; explicitFileType = wrapper.cfbundle; includeInIndex = 0; path = SocialAppUITests.xctest; sourceTree = BUILT_PRODUCTS_DIR; };
		F5A9F892298CA61400EA6AF5 /* SocialAppUITests.swift */ = {isa = PBXFileReference; lastKnownFileType = sourcecode.swift; path = SocialAppUITests.swift; sourceTree = "<group>"; };
		F5A9F894298CA61400EA6AF5 /* SocialAppUITestsLaunchTests.swift */ = {isa = PBXFileReference; lastKnownFileType = sourcecode.swift; path = SocialAppUITestsLaunchTests.swift; sourceTree = "<group>"; };
		F5D26E30298E08750024DBDF /* SignUpView.swift */ = {isa = PBXFileReference; fileEncoding = 4; lastKnownFileType = sourcecode.swift; path = SignUpView.swift; sourceTree = "<group>"; };
		F5D26E31298E08750024DBDF /* SignUpView.xib */ = {isa = PBXFileReference; fileEncoding = 4; lastKnownFileType = file.xib; path = SignUpView.xib; sourceTree = "<group>"; };
		F5D26E37298E0B670024DBDF /* FeedView.swift */ = {isa = PBXFileReference; fileEncoding = 4; lastKnownFileType = sourcecode.swift; path = FeedView.swift; sourceTree = "<group>"; };
		F5D26E38298E0B670024DBDF /* Feed1Cell6.swift */ = {isa = PBXFileReference; fileEncoding = 4; lastKnownFileType = sourcecode.swift; path = Feed1Cell6.swift; sourceTree = "<group>"; };
		F5D26E39298E0B670024DBDF /* Feed1Cell3.xib */ = {isa = PBXFileReference; fileEncoding = 4; lastKnownFileType = file.xib; path = Feed1Cell3.xib; sourceTree = "<group>"; };
		F5D26E3A298E0B670024DBDF /* Feed1Cell6.xib */ = {isa = PBXFileReference; fileEncoding = 4; lastKnownFileType = file.xib; path = Feed1Cell6.xib; sourceTree = "<group>"; };
		F5D26E3B298E0B670024DBDF /* Feed1Cell2.xib */ = {isa = PBXFileReference; fileEncoding = 4; lastKnownFileType = file.xib; path = Feed1Cell2.xib; sourceTree = "<group>"; };
		F5D26E3C298E0B670024DBDF /* Feed1Cell1.swift */ = {isa = PBXFileReference; fileEncoding = 4; lastKnownFileType = sourcecode.swift; path = Feed1Cell1.swift; sourceTree = "<group>"; };
		F5D26E3D298E0B670024DBDF /* Feed1Cell1.xib */ = {isa = PBXFileReference; fileEncoding = 4; lastKnownFileType = file.xib; path = Feed1Cell1.xib; sourceTree = "<group>"; };
		F5D26E3E298E0B670024DBDF /* Feed1Cell5.xib */ = {isa = PBXFileReference; fileEncoding = 4; lastKnownFileType = file.xib; path = Feed1Cell5.xib; sourceTree = "<group>"; };
		F5D26E3F298E0B670024DBDF /* Feed1Cell5.swift */ = {isa = PBXFileReference; fileEncoding = 4; lastKnownFileType = sourcecode.swift; path = Feed1Cell5.swift; sourceTree = "<group>"; };
		F5D26E40298E0B680024DBDF /* Feed1Cell4.xib */ = {isa = PBXFileReference; fileEncoding = 4; lastKnownFileType = file.xib; path = Feed1Cell4.xib; sourceTree = "<group>"; };
		F5D26E41298E0B680024DBDF /* Feed1Cell4.swift */ = {isa = PBXFileReference; fileEncoding = 4; lastKnownFileType = sourcecode.swift; path = Feed1Cell4.swift; sourceTree = "<group>"; };
		F5D26E42298E0B680024DBDF /* FeedView.xib */ = {isa = PBXFileReference; fileEncoding = 4; lastKnownFileType = file.xib; path = FeedView.xib; sourceTree = "<group>"; };
		F5D26E43298E0B680024DBDF /* Feed1Cell2.swift */ = {isa = PBXFileReference; fileEncoding = 4; lastKnownFileType = sourcecode.swift; path = Feed1Cell2.swift; sourceTree = "<group>"; };
		F5D26E44298E0B680024DBDF /* Feed1Cell3.swift */ = {isa = PBXFileReference; fileEncoding = 4; lastKnownFileType = sourcecode.swift; path = Feed1Cell3.swift; sourceTree = "<group>"; };
		F5D26E53298E0BE90024DBDF /* UIImageView+Extension.swift */ = {isa = PBXFileReference; fileEncoding = 4; lastKnownFileType = sourcecode.swift; path = "UIImageView+Extension.swift"; sourceTree = "<group>"; };
		F5D26E55298E0D270024DBDF /* AppColor.swift */ = {isa = PBXFileReference; fileEncoding = 4; lastKnownFileType = sourcecode.swift; path = AppColor.swift; sourceTree = "<group>"; };
/* End PBXFileReference section */

/* Begin PBXFrameworksBuildPhase section */
		F5A9F86B298CA61000EA6AF5 /* Frameworks */ = {
			isa = PBXFrameworksBuildPhase;
			buildActionMask = 2147483647;
			files = (
			);
			runOnlyForDeploymentPostprocessing = 0;
		};
		F5A9F881298CA61400EA6AF5 /* Frameworks */ = {
			isa = PBXFrameworksBuildPhase;
			buildActionMask = 2147483647;
			files = (
			);
			runOnlyForDeploymentPostprocessing = 0;
		};
		F5A9F88B298CA61400EA6AF5 /* Frameworks */ = {
			isa = PBXFrameworksBuildPhase;
			buildActionMask = 2147483647;
			files = (
			);
			runOnlyForDeploymentPostprocessing = 0;
		};
/* End PBXFrameworksBuildPhase section */

/* Begin PBXGroup section */
		F59A7150298E05AE0095FC9D /* Utilities */ = {
			isa = PBXGroup;
			children = (
				F5D26E55298E0D270024DBDF /* AppColor.swift */,
				F59A7151298E05C60095FC9D /* UITextField+Extension.swift */,
				F5D26E53298E0BE90024DBDF /* UIImageView+Extension.swift */,
			);
			path = Utilities;
			sourceTree = "<group>";
		};
		F59A7153298E05E90095FC9D /* Screens */ = {
			isa = PBXGroup;
			children = (
				F5D26E35298E0B400024DBDF /* SignUp */,
				F5D26E34298E0AD90024DBDF /* Login */,
				F5D26E36298E0B510024DBDF /* Feed */,
			);
			name = Screens;
			path = Utilities/Screens;
			sourceTree = "<group>";
		};
		F5A9F865298CA61000EA6AF5 = {
			isa = PBXGroup;
			children = (
				F5A9F870298CA61000EA6AF5 /* SocialApp */,
				F5A9F887298CA61400EA6AF5 /* SocialAppTests */,
				F5A9F891298CA61400EA6AF5 /* SocialAppUITests */,
				F5A9F86F298CA61000EA6AF5 /* Products */,
			);
			sourceTree = "<group>";
		};
		F5A9F86F298CA61000EA6AF5 /* Products */ = {
			isa = PBXGroup;
			children = (
				F5A9F86E298CA61000EA6AF5 /* SocialApp.app */,
				F5A9F884298CA61400EA6AF5 /* SocialAppTests.xctest */,
				F5A9F88E298CA61400EA6AF5 /* SocialAppUITests.xctest */,
			);
			name = Products;
			sourceTree = "<group>";
		};
		F5A9F870298CA61000EA6AF5 /* SocialApp */ = {
			isa = PBXGroup;
			children = (
				F59A7153298E05E90095FC9D /* Screens */,
				F59A7150298E05AE0095FC9D /* Utilities */,
				F5A9F871298CA61000EA6AF5 /* AppDelegate.swift */,
				F5A9F873298CA61000EA6AF5 /* SceneDelegate.swift */,
				F5A9F875298CA61000EA6AF5 /* ViewController.swift */,
				F5A9F877298CA61000EA6AF5 /* Main.storyboard */,
				F5A9F87A298CA61400EA6AF5 /* Assets.xcassets */,
				F5A9F87C298CA61400EA6AF5 /* LaunchScreen.storyboard */,
				F5A9F87F298CA61400EA6AF5 /* Info.plist */,
			);
			path = SocialApp;
			sourceTree = "<group>";
		};
		F5A9F887298CA61400EA6AF5 /* SocialAppTests */ = {
			isa = PBXGroup;
			children = (
				F5A9F888298CA61400EA6AF5 /* SocialAppTests.swift */,
			);
			path = SocialAppTests;
			sourceTree = "<group>";
		};
		F5A9F891298CA61400EA6AF5 /* SocialAppUITests */ = {
			isa = PBXGroup;
			children = (
				F5A9F892298CA61400EA6AF5 /* SocialAppUITests.swift */,
				F5A9F894298CA61400EA6AF5 /* SocialAppUITestsLaunchTests.swift */,
			);
			path = SocialAppUITests;
			sourceTree = "<group>";
		};
		F5D26E34298E0AD90024DBDF /* Login */ = {
			isa = PBXGroup;
			children = (
				F59A7154298E05F60095FC9D /* LoginView.swift */,
				F59A7155298E05F60095FC9D /* LoginView.xib */,
			);
			path = Login;
			sourceTree = "<group>";
		};
		F5D26E35298E0B400024DBDF /* SignUp */ = {
			isa = PBXGroup;
			children = (
				F5D26E30298E08750024DBDF /* SignUpView.swift */,
				F5D26E31298E08750024DBDF /* SignUpView.xib */,
			);
			path = SignUp;
			sourceTree = "<group>";
		};
		F5D26E36298E0B510024DBDF /* Feed */ = {
			isa = PBXGroup;
			children = (
				F5D26E3C298E0B670024DBDF /* Feed1Cell1.swift */,
				F5D26E3D298E0B670024DBDF /* Feed1Cell1.xib */,
				F5D26E43298E0B680024DBDF /* Feed1Cell2.swift */,
				F5D26E3B298E0B670024DBDF /* Feed1Cell2.xib */,
				F5D26E44298E0B680024DBDF /* Feed1Cell3.swift */,
				F5D26E39298E0B670024DBDF /* Feed1Cell3.xib */,
				F5D26E41298E0B680024DBDF /* Feed1Cell4.swift */,
				F5D26E40298E0B680024DBDF /* Feed1Cell4.xib */,
				F5D26E3F298E0B670024DBDF /* Feed1Cell5.swift */,
				F5D26E3E298E0B670024DBDF /* Feed1Cell5.xib */,
				F5D26E38298E0B670024DBDF /* Feed1Cell6.swift */,
				F5D26E3A298E0B670024DBDF /* Feed1Cell6.xib */,
				F5D26E37298E0B670024DBDF /* FeedView.swift */,
				F5D26E42298E0B680024DBDF /* FeedView.xib */,
			);
			path = Feed;
			sourceTree = "<group>";
		};
/* End PBXGroup section */

/* Begin PBXNativeTarget section */
		F5A9F86D298CA61000EA6AF5 /* SocialApp */ = {
			isa = PBXNativeTarget;
			buildConfigurationList = F5A9F898298CA61400EA6AF5 /* Build configuration list for PBXNativeTarget "SocialApp" */;
			buildPhases = (
				F5A9F86A298CA61000EA6AF5 /* Sources */,
				F5A9F86B298CA61000EA6AF5 /* Frameworks */,
				F5A9F86C298CA61000EA6AF5 /* Resources */,
			);
			buildRules = (
			);
			dependencies = (
			);
			name = SocialApp;
			productName = SocialApp;
			productReference = F5A9F86E298CA61000EA6AF5 /* SocialApp.app */;
			productType = "com.apple.product-type.application";
		};
		F5A9F883298CA61400EA6AF5 /* SocialAppTests */ = {
			isa = PBXNativeTarget;
			buildConfigurationList = F5A9F89B298CA61400EA6AF5 /* Build configuration list for PBXNativeTarget "SocialAppTests" */;
			buildPhases = (
				F5A9F880298CA61400EA6AF5 /* Sources */,
				F5A9F881298CA61400EA6AF5 /* Frameworks */,
				F5A9F882298CA61400EA6AF5 /* Resources */,
			);
			buildRules = (
			);
			dependencies = (
				F5A9F886298CA61400EA6AF5 /* PBXTargetDependency */,
			);
			name = SocialAppTests;
			productName = SocialAppTests;
			productReference = F5A9F884298CA61400EA6AF5 /* SocialAppTests.xctest */;
			productType = "com.apple.product-type.bundle.unit-test";
		};
		F5A9F88D298CA61400EA6AF5 /* SocialAppUITests */ = {
			isa = PBXNativeTarget;
			buildConfigurationList = F5A9F89E298CA61400EA6AF5 /* Build configuration list for PBXNativeTarget "SocialAppUITests" */;
			buildPhases = (
				F5A9F88A298CA61400EA6AF5 /* Sources */,
				F5A9F88B298CA61400EA6AF5 /* Frameworks */,
				F5A9F88C298CA61400EA6AF5 /* Resources */,
			);
			buildRules = (
			);
			dependencies = (
				F5A9F890298CA61400EA6AF5 /* PBXTargetDependency */,
			);
			name = SocialAppUITests;
			productName = SocialAppUITests;
			productReference = F5A9F88E298CA61400EA6AF5 /* SocialAppUITests.xctest */;
			productType = "com.apple.product-type.bundle.ui-testing";
		};
/* End PBXNativeTarget section */

/* Begin PBXProject section */
		F5A9F866298CA61000EA6AF5 /* Project object */ = {
			isa = PBXProject;
			attributes = {
				BuildIndependentTargetsInParallel = 1;
				LastSwiftUpdateCheck = 1400;
				LastUpgradeCheck = 1400;
				TargetAttributes = {
					F5A9F86D298CA61000EA6AF5 = {
						CreatedOnToolsVersion = 14.0.1;
					};
					F5A9F883298CA61400EA6AF5 = {
						CreatedOnToolsVersion = 14.0.1;
						TestTargetID = F5A9F86D298CA61000EA6AF5;
					};
					F5A9F88D298CA61400EA6AF5 = {
						CreatedOnToolsVersion = 14.0.1;
						TestTargetID = F5A9F86D298CA61000EA6AF5;
					};
				};
			};
			buildConfigurationList = F5A9F869298CA61000EA6AF5 /* Build configuration list for PBXProject "SocialApp" */;
			compatibilityVersion = "Xcode 14.0";
			developmentRegion = en;
			hasScannedForEncodings = 0;
			knownRegions = (
				en,
				Base,
			);
			mainGroup = F5A9F865298CA61000EA6AF5;
			productRefGroup = F5A9F86F298CA61000EA6AF5 /* Products */;
			projectDirPath = "";
			projectRoot = "";
			targets = (
				F5A9F86D298CA61000EA6AF5 /* SocialApp */,
				F5A9F883298CA61400EA6AF5 /* SocialAppTests */,
				F5A9F88D298CA61400EA6AF5 /* SocialAppUITests */,
			);
		};
/* End PBXProject section */

/* Begin PBXResourcesBuildPhase section */
		F5A9F86C298CA61000EA6AF5 /* Resources */ = {
			isa = PBXResourcesBuildPhase;
			buildActionMask = 2147483647;
			files = (
				F5D26E33298E08750024DBDF /* SignUpView.xib in Resources */,
				F5D26E47298E0B680024DBDF /* Feed1Cell3.xib in Resources */,
				F59A7157298E05F60095FC9D /* LoginView.xib in Resources */,
				F5A9F87E298CA61400EA6AF5 /* LaunchScreen.storyboard in Resources */,
				F5D26E48298E0B680024DBDF /* Feed1Cell6.xib in Resources */,
				F5D26E4C298E0B680024DBDF /* Feed1Cell5.xib in Resources */,
				F5A9F87B298CA61400EA6AF5 /* Assets.xcassets in Resources */,
				F5D26E4B298E0B680024DBDF /* Feed1Cell1.xib in Resources */,
				F5D26E4E298E0B680024DBDF /* Feed1Cell4.xib in Resources */,
				F5D26E49298E0B680024DBDF /* Feed1Cell2.xib in Resources */,
				F5D26E50298E0B680024DBDF /* FeedView.xib in Resources */,
				F5A9F879298CA61000EA6AF5 /* Main.storyboard in Resources */,
			);
			runOnlyForDeploymentPostprocessing = 0;
		};
		F5A9F882298CA61400EA6AF5 /* Resources */ = {
			isa = PBXResourcesBuildPhase;
			buildActionMask = 2147483647;
			files = (
			);
			runOnlyForDeploymentPostprocessing = 0;
		};
		F5A9F88C298CA61400EA6AF5 /* Resources */ = {
			isa = PBXResourcesBuildPhase;
			buildActionMask = 2147483647;
			files = (
			);
			runOnlyForDeploymentPostprocessing = 0;
		};
/* End PBXResourcesBuildPhase section */

/* Begin PBXSourcesBuildPhase section */
		F5A9F86A298CA61000EA6AF5 /* Sources */ = {
			isa = PBXSourcesBuildPhase;
			buildActionMask = 2147483647;
			files = (
				F5A9F876298CA61000EA6AF5 /* ViewController.swift in Sources */,
				F5D26E4A298E0B680024DBDF /* Feed1Cell1.swift in Sources */,
				F5D26E54298E0BE90024DBDF /* UIImageView+Extension.swift in Sources */,
				F59A7152298E05C60095FC9D /* UITextField+Extension.swift in Sources */,
				F5D26E45298E0B680024DBDF /* FeedView.swift in Sources */,
				F5D26E4F298E0B680024DBDF /* Feed1Cell4.swift in Sources */,
				F5A9F872298CA61000EA6AF5 /* AppDelegate.swift in Sources */,
				F5D26E4D298E0B680024DBDF /* Feed1Cell5.swift in Sources */,
				F5D26E52298E0B680024DBDF /* Feed1Cell3.swift in Sources */,
				F59A7156298E05F60095FC9D /* LoginView.swift in Sources */,
				F5A9F874298CA61000EA6AF5 /* SceneDelegate.swift in Sources */,
				F5D26E56298E0D270024DBDF /* AppColor.swift in Sources */,
				F5D26E46298E0B680024DBDF /* Feed1Cell6.swift in Sources */,
				F5D26E51298E0B680024DBDF /* Feed1Cell2.swift in Sources */,
				F5D26E32298E08750024DBDF /* SignUpView.swift in Sources */,
			);
			runOnlyForDeploymentPostprocessing = 0;
		};
		F5A9F880298CA61400EA6AF5 /* Sources */ = {
			isa = PBXSourcesBuildPhase;
			buildActionMask = 2147483647;
			files = (
				F5A9F889298CA61400EA6AF5 /* SocialAppTests.swift in Sources */,
			);
			runOnlyForDeploymentPostprocessing = 0;
		};
		F5A9F88A298CA61400EA6AF5 /* Sources */ = {
			isa = PBXSourcesBuildPhase;
			buildActionMask = 2147483647;
			files = (
				F5A9F893298CA61400EA6AF5 /* SocialAppUITests.swift in Sources */,
				F5A9F895298CA61400EA6AF5 /* SocialAppUITestsLaunchTests.swift in Sources */,
			);
			runOnlyForDeploymentPostprocessing = 0;
		};
/* End PBXSourcesBuildPhase section */

/* Begin PBXTargetDependency section */
		F5A9F886298CA61400EA6AF5 /* PBXTargetDependency */ = {
			isa = PBXTargetDependency;
			target = F5A9F86D298CA61000EA6AF5 /* SocialApp */;
			targetProxy = F5A9F885298CA61400EA6AF5 /* PBXContainerItemProxy */;
		};
		F5A9F890298CA61400EA6AF5 /* PBXTargetDependency */ = {
			isa = PBXTargetDependency;
			target = F5A9F86D298CA61000EA6AF5 /* SocialApp */;
			targetProxy = F5A9F88F298CA61400EA6AF5 /* PBXContainerItemProxy */;
		};
/* End PBXTargetDependency section */

/* Begin PBXVariantGroup section */
		F5A9F877298CA61000EA6AF5 /* Main.storyboard */ = {
			isa = PBXVariantGroup;
			children = (
				F5A9F878298CA61000EA6AF5 /* Base */,
			);
			name = Main.storyboard;
			sourceTree = "<group>";
		};
		F5A9F87C298CA61400EA6AF5 /* LaunchScreen.storyboard */ = {
			isa = PBXVariantGroup;
			children = (
				F5A9F87D298CA61400EA6AF5 /* Base */,
			);
			name = LaunchScreen.storyboard;
			sourceTree = "<group>";
		};
/* End PBXVariantGroup section */

/* Begin XCBuildConfiguration section */
		F5A9F896298CA61400EA6AF5 /* Debug */ = {
			isa = XCBuildConfiguration;
			buildSettings = {
				ALWAYS_SEARCH_USER_PATHS = NO;
				CLANG_ANALYZER_NONNULL = YES;
				CLANG_ANALYZER_NUMBER_OBJECT_CONVERSION = YES_AGGRESSIVE;
				CLANG_CXX_LANGUAGE_STANDARD = "gnu++20";
				CLANG_ENABLE_MODULES = YES;
				CLANG_ENABLE_OBJC_ARC = YES;
				CLANG_ENABLE_OBJC_WEAK = YES;
				CLANG_WARN_BLOCK_CAPTURE_AUTORELEASING = YES;
				CLANG_WARN_BOOL_CONVERSION = YES;
				CLANG_WARN_COMMA = YES;
				CLANG_WARN_CONSTANT_CONVERSION = YES;
				CLANG_WARN_DEPRECATED_OBJC_IMPLEMENTATIONS = YES;
				CLANG_WARN_DIRECT_OBJC_ISA_USAGE = YES_ERROR;
				CLANG_WARN_DOCUMENTATION_COMMENTS = YES;
				CLANG_WARN_EMPTY_BODY = YES;
				CLANG_WARN_ENUM_CONVERSION = YES;
				CLANG_WARN_INFINITE_RECURSION = YES;
				CLANG_WARN_INT_CONVERSION = YES;
				CLANG_WARN_NON_LITERAL_NULL_CONVERSION = YES;
				CLANG_WARN_OBJC_IMPLICIT_RETAIN_SELF = YES;
				CLANG_WARN_OBJC_LITERAL_CONVERSION = YES;
				CLANG_WARN_OBJC_ROOT_CLASS = YES_ERROR;
				CLANG_WARN_QUOTED_INCLUDE_IN_FRAMEWORK_HEADER = YES;
				CLANG_WARN_RANGE_LOOP_ANALYSIS = YES;
				CLANG_WARN_STRICT_PROTOTYPES = YES;
				CLANG_WARN_SUSPICIOUS_MOVE = YES;
				CLANG_WARN_UNGUARDED_AVAILABILITY = YES_AGGRESSIVE;
				CLANG_WARN_UNREACHABLE_CODE = YES;
				CLANG_WARN__DUPLICATE_METHOD_MATCH = YES;
				COPY_PHASE_STRIP = NO;
				DEBUG_INFORMATION_FORMAT = dwarf;
				ENABLE_STRICT_OBJC_MSGSEND = YES;
				ENABLE_TESTABILITY = YES;
				GCC_C_LANGUAGE_STANDARD = gnu11;
				GCC_DYNAMIC_NO_PIC = NO;
				GCC_NO_COMMON_BLOCKS = YES;
				GCC_OPTIMIZATION_LEVEL = 0;
				GCC_PREPROCESSOR_DEFINITIONS = (
					"DEBUG=1",
					"$(inherited)",
				);
				GCC_WARN_64_TO_32_BIT_CONVERSION = YES;
				GCC_WARN_ABOUT_RETURN_TYPE = YES_ERROR;
				GCC_WARN_UNDECLARED_SELECTOR = YES;
				GCC_WARN_UNINITIALIZED_AUTOS = YES_AGGRESSIVE;
				GCC_WARN_UNUSED_FUNCTION = YES;
				GCC_WARN_UNUSED_VARIABLE = YES;
				IPHONEOS_DEPLOYMENT_TARGET = 16.0;
				MTL_ENABLE_DEBUG_INFO = INCLUDE_SOURCE;
				MTL_FAST_MATH = YES;
				ONLY_ACTIVE_ARCH = YES;
				SDKROOT = iphoneos;
				SWIFT_ACTIVE_COMPILATION_CONDITIONS = DEBUG;
				SWIFT_OPTIMIZATION_LEVEL = "-Onone";
			};
			name = Debug;
		};
		F5A9F897298CA61400EA6AF5 /* Release */ = {
			isa = XCBuildConfiguration;
			buildSettings = {
				ALWAYS_SEARCH_USER_PATHS = NO;
				CLANG_ANALYZER_NONNULL = YES;
				CLANG_ANALYZER_NUMBER_OBJECT_CONVERSION = YES_AGGRESSIVE;
				CLANG_CXX_LANGUAGE_STANDARD = "gnu++20";
				CLANG_ENABLE_MODULES = YES;
				CLANG_ENABLE_OBJC_ARC = YES;
				CLANG_ENABLE_OBJC_WEAK = YES;
				CLANG_WARN_BLOCK_CAPTURE_AUTORELEASING = YES;
				CLANG_WARN_BOOL_CONVERSION = YES;
				CLANG_WARN_COMMA = YES;
				CLANG_WARN_CONSTANT_CONVERSION = YES;
				CLANG_WARN_DEPRECATED_OBJC_IMPLEMENTATIONS = YES;
				CLANG_WARN_DIRECT_OBJC_ISA_USAGE = YES_ERROR;
				CLANG_WARN_DOCUMENTATION_COMMENTS = YES;
				CLANG_WARN_EMPTY_BODY = YES;
				CLANG_WARN_ENUM_CONVERSION = YES;
				CLANG_WARN_INFINITE_RECURSION = YES;
				CLANG_WARN_INT_CONVERSION = YES;
				CLANG_WARN_NON_LITERAL_NULL_CONVERSION = YES;
				CLANG_WARN_OBJC_IMPLICIT_RETAIN_SELF = YES;
				CLANG_WARN_OBJC_LITERAL_CONVERSION = YES;
				CLANG_WARN_OBJC_ROOT_CLASS = YES_ERROR;
				CLANG_WARN_QUOTED_INCLUDE_IN_FRAMEWORK_HEADER = YES;
				CLANG_WARN_RANGE_LOOP_ANALYSIS = YES;
				CLANG_WARN_STRICT_PROTOTYPES = YES;
				CLANG_WARN_SUSPICIOUS_MOVE = YES;
				CLANG_WARN_UNGUARDED_AVAILABILITY = YES_AGGRESSIVE;
				CLANG_WARN_UNREACHABLE_CODE = YES;
				CLANG_WARN__DUPLICATE_METHOD_MATCH = YES;
				COPY_PHASE_STRIP = NO;
				DEBUG_INFORMATION_FORMAT = "dwarf-with-dsym";
				ENABLE_NS_ASSERTIONS = NO;
				ENABLE_STRICT_OBJC_MSGSEND = YES;
				GCC_C_LANGUAGE_STANDARD = gnu11;
				GCC_NO_COMMON_BLOCKS = YES;
				GCC_WARN_64_TO_32_BIT_CONVERSION = YES;
				GCC_WARN_ABOUT_RETURN_TYPE = YES_ERROR;
				GCC_WARN_UNDECLARED_SELECTOR = YES;
				GCC_WARN_UNINITIALIZED_AUTOS = YES_AGGRESSIVE;
				GCC_WARN_UNUSED_FUNCTION = YES;
				GCC_WARN_UNUSED_VARIABLE = YES;
				IPHONEOS_DEPLOYMENT_TARGET = 16.0;
				MTL_ENABLE_DEBUG_INFO = NO;
				MTL_FAST_MATH = YES;
				SDKROOT = iphoneos;
				SWIFT_COMPILATION_MODE = wholemodule;
				SWIFT_OPTIMIZATION_LEVEL = "-O";
				VALIDATE_PRODUCT = YES;
			};
			name = Release;
		};
		F5A9F899298CA61400EA6AF5 /* Debug */ = {
			isa = XCBuildConfiguration;
			buildSettings = {
				ASSETCATALOG_COMPILER_APPICON_NAME = AppIcon;
				ASSETCATALOG_COMPILER_GLOBAL_ACCENT_COLOR_NAME = AccentColor;
				CODE_SIGN_STYLE = Automatic;
				CURRENT_PROJECT_VERSION = 1;
				GENERATE_INFOPLIST_FILE = YES;
				INFOPLIST_FILE = SocialApp/Info.plist;
				INFOPLIST_KEY_UIApplicationSupportsIndirectInputEvents = YES;
				INFOPLIST_KEY_UILaunchStoryboardName = LaunchScreen;
				INFOPLIST_KEY_UIMainStoryboardFile = Main;
				INFOPLIST_KEY_UISupportedInterfaceOrientations_iPad = "UIInterfaceOrientationPortrait UIInterfaceOrientationPortraitUpsideDown UIInterfaceOrientationLandscapeLeft UIInterfaceOrientationLandscapeRight";
				INFOPLIST_KEY_UISupportedInterfaceOrientations_iPhone = "UIInterfaceOrientationPortrait UIInterfaceOrientationLandscapeLeft UIInterfaceOrientationLandscapeRight";
				LD_RUNPATH_SEARCH_PATHS = (
					"$(inherited)",
					"@executable_path/Frameworks",
				);
				MARKETING_VERSION = 1.0;
				PRODUCT_BUNDLE_IDENTIFIER = test.SocialApp;
				PRODUCT_NAME = "$(TARGET_NAME)";
				SWIFT_EMIT_LOC_STRINGS = YES;
				SWIFT_VERSION = 5.0;
				TARGETED_DEVICE_FAMILY = "1,2";
			};
			name = Debug;
		};
		F5A9F89A298CA61400EA6AF5 /* Release */ = {
			isa = XCBuildConfiguration;
			buildSettings = {
				ASSETCATALOG_COMPILER_APPICON_NAME = AppIcon;
				ASSETCATALOG_COMPILER_GLOBAL_ACCENT_COLOR_NAME = AccentColor;
				CODE_SIGN_STYLE = Automatic;
				CURRENT_PROJECT_VERSION = 1;
				GENERATE_INFOPLIST_FILE = YES;
				INFOPLIST_FILE = SocialApp/Info.plist;
				INFOPLIST_KEY_UIApplicationSupportsIndirectInputEvents = YES;
				INFOPLIST_KEY_UILaunchStoryboardName = LaunchScreen;
				INFOPLIST_KEY_UIMainStoryboardFile = Main;
				INFOPLIST_KEY_UISupportedInterfaceOrientations_iPad = "UIInterfaceOrientationPortrait UIInterfaceOrientationPortraitUpsideDown UIInterfaceOrientationLandscapeLeft UIInterfaceOrientationLandscapeRight";
				INFOPLIST_KEY_UISupportedInterfaceOrientations_iPhone = "UIInterfaceOrientationPortrait UIInterfaceOrientationLandscapeLeft UIInterfaceOrientationLandscapeRight";
				LD_RUNPATH_SEARCH_PATHS = (
					"$(inherited)",
					"@executable_path/Frameworks",
				);
				MARKETING_VERSION = 1.0;
				PRODUCT_BUNDLE_IDENTIFIER = test.SocialApp;
				PRODUCT_NAME = "$(TARGET_NAME)";
				SWIFT_EMIT_LOC_STRINGS = YES;
				SWIFT_VERSION = 5.0;
				TARGETED_DEVICE_FAMILY = "1,2";
			};
			name = Release;
		};
		F5A9F89C298CA61400EA6AF5 /* Debug */ = {
			isa = XCBuildConfiguration;
			buildSettings = {
				ALWAYS_EMBED_SWIFT_STANDARD_LIBRARIES = YES;
				BUNDLE_LOADER = "$(TEST_HOST)";
				CODE_SIGN_STYLE = Automatic;
				CURRENT_PROJECT_VERSION = 1;
				GENERATE_INFOPLIST_FILE = YES;
				IPHONEOS_DEPLOYMENT_TARGET = 16.0;
				MARKETING_VERSION = 1.0;
				PRODUCT_BUNDLE_IDENTIFIER = test.SocialAppTests;
				PRODUCT_NAME = "$(TARGET_NAME)";
				SWIFT_EMIT_LOC_STRINGS = NO;
				SWIFT_VERSION = 5.0;
				TARGETED_DEVICE_FAMILY = "1,2";
				TEST_HOST = "$(BUILT_PRODUCTS_DIR)/SocialApp.app/$(BUNDLE_EXECUTABLE_FOLDER_PATH)/SocialApp";
			};
			name = Debug;
		};
		F5A9F89D298CA61400EA6AF5 /* Release */ = {
			isa = XCBuildConfiguration;
			buildSettings = {
				ALWAYS_EMBED_SWIFT_STANDARD_LIBRARIES = YES;
				BUNDLE_LOADER = "$(TEST_HOST)";
				CODE_SIGN_STYLE = Automatic;
				CURRENT_PROJECT_VERSION = 1;
				GENERATE_INFOPLIST_FILE = YES;
				IPHONEOS_DEPLOYMENT_TARGET = 16.0;
				MARKETING_VERSION = 1.0;
				PRODUCT_BUNDLE_IDENTIFIER = test.SocialAppTests;
				PRODUCT_NAME = "$(TARGET_NAME)";
				SWIFT_EMIT_LOC_STRINGS = NO;
				SWIFT_VERSION = 5.0;
				TARGETED_DEVICE_FAMILY = "1,2";
				TEST_HOST = "$(BUILT_PRODUCTS_DIR)/SocialApp.app/$(BUNDLE_EXECUTABLE_FOLDER_PATH)/SocialApp";
			};
			name = Release;
		};
		F5A9F89F298CA61400EA6AF5 /* Debug */ = {
			isa = XCBuildConfiguration;
			buildSettings = {
				ALWAYS_EMBED_SWIFT_STANDARD_LIBRARIES = YES;
				CODE_SIGN_STYLE = Automatic;
				CURRENT_PROJECT_VERSION = 1;
				GENERATE_INFOPLIST_FILE = YES;
				MARKETING_VERSION = 1.0;
				PRODUCT_BUNDLE_IDENTIFIER = test.SocialAppUITests;
				PRODUCT_NAME = "$(TARGET_NAME)";
				SWIFT_EMIT_LOC_STRINGS = NO;
				SWIFT_VERSION = 5.0;
				TARGETED_DEVICE_FAMILY = "1,2";
				TEST_TARGET_NAME = SocialApp;
			};
			name = Debug;
		};
		F5A9F8A0298CA61400EA6AF5 /* Release */ = {
			isa = XCBuildConfiguration;
			buildSettings = {
				ALWAYS_EMBED_SWIFT_STANDARD_LIBRARIES = YES;
				CODE_SIGN_STYLE = Automatic;
				CURRENT_PROJECT_VERSION = 1;
				GENERATE_INFOPLIST_FILE = YES;
				MARKETING_VERSION = 1.0;
				PRODUCT_BUNDLE_IDENTIFIER = test.SocialAppUITests;
				PRODUCT_NAME = "$(TARGET_NAME)";
				SWIFT_EMIT_LOC_STRINGS = NO;
				SWIFT_VERSION = 5.0;
				TARGETED_DEVICE_FAMILY = "1,2";
				TEST_TARGET_NAME = SocialApp;
			};
			name = Release;
		};
/* End XCBuildConfiguration section */

/* Begin XCConfigurationList section */
		F5A9F869298CA61000EA6AF5 /* Build configuration list for PBXProject "SocialApp" */ = {
			isa = XCConfigurationList;
			buildConfigurations = (
				F5A9F896298CA61400EA6AF5 /* Debug */,
				F5A9F897298CA61400EA6AF5 /* Release */,
			);
			defaultConfigurationIsVisible = 0;
			defaultConfigurationName = Release;
		};
		F5A9F898298CA61400EA6AF5 /* Build configuration list for PBXNativeTarget "SocialApp" */ = {
			isa = XCConfigurationList;
			buildConfigurations = (
				F5A9F899298CA61400EA6AF5 /* Debug */,
				F5A9F89A298CA61400EA6AF5 /* Release */,
			);
			defaultConfigurationIsVisible = 0;
			defaultConfigurationName = Release;
		};
		F5A9F89B298CA61400EA6AF5 /* Build configuration list for PBXNativeTarget "SocialAppTests" */ = {
			isa = XCConfigurationList;
			buildConfigurations = (
				F5A9F89C298CA61400EA6AF5 /* Debug */,
				F5A9F89D298CA61400EA6AF5 /* Release */,
			);
			defaultConfigurationIsVisible = 0;
			defaultConfigurationName = Release;
		};
		F5A9F89E298CA61400EA6AF5 /* Build configuration list for PBXNativeTarget "SocialAppUITests" */ = {
			isa = XCConfigurationList;
			buildConfigurations = (
				F5A9F89F298CA61400EA6AF5 /* Debug */,
				F5A9F8A0298CA61400EA6AF5 /* Release */,
			);
			defaultConfigurationIsVisible = 0;
			defaultConfigurationName = Release;
		};
/* End XCConfigurationList section */
	};
	rootObject = F5A9F866298CA61000EA6AF5 /* Project object */;
}
